// !$*UTF8*$!
{
	archiveVersion = 1;
	classes = {
	};
	objectVersion = 48;
	objects = {

/* Begin PBXBuildFile section */
		C1EF03481FEC8EDE00C3D346 /* AppDelegate.m in Sources */ = {isa = PBXBuildFile; fileRef = C1EF03471FEC8EDE00C3D346 /* AppDelegate.m */; };
		C1EF034E1FEC8EDF00C3D346 /* Main.storyboard in Resources */ = {isa = PBXBuildFile; fileRef = C1EF034C1FEC8EDF00C3D346 /* Main.storyboard */; };
		C1EF03501FEC8EDF00C3D346 /* Assets.xcassets in Resources */ = {isa = PBXBuildFile; fileRef = C1EF034F1FEC8EDF00C3D346 /* Assets.xcassets */; };
		C1EF03531FEC8EDF00C3D346 /* LaunchScreen.storyboard in Resources */ = {isa = PBXBuildFile; fileRef = C1EF03511FEC8EDF00C3D346 /* LaunchScreen.storyboard */; };
		C1EF03561FEC8EDF00C3D346 /* main.m in Sources */ = {isa = PBXBuildFile; fileRef = C1EF03551FEC8EDF00C3D346 /* main.m */; };
		C1EF035E1FEC901A00C3D346 /* DetailViewController.mm in Sources */ = {isa = PBXBuildFile; fileRef = C1EF035D1FEC901A00C3D346 /* DetailViewController.mm */; };
/* End PBXBuildFile section */

/* Begin PBXFileReference section */
		C1EF03431FEC8EDE00C3D346 /* ModelViewer.app */ = {isa = PBXFileReference; explicitFileType = wrapper.application; includeInIndex = 0; path = ModelViewer.app; sourceTree = BUILT_PRODUCTS_DIR; };
		C1EF03461FEC8EDE00C3D346 /* AppDelegate.h */ = {isa = PBXFileReference; lastKnownFileType = sourcecode.c.h; path = AppDelegate.h; sourceTree = "<group>"; };
		C1EF03471FEC8EDE00C3D346 /* AppDelegate.m */ = {isa = PBXFileReference; lastKnownFileType = sourcecode.c.objc; path = AppDelegate.m; sourceTree = "<group>"; };
		C1EF034D1FEC8EDF00C3D346 /* Base */ = {isa = PBXFileReference; lastKnownFileType = file.storyboard; name = Base; path = Base.lproj/Main.storyboard; sourceTree = "<group>"; };
		C1EF034F1FEC8EDF00C3D346 /* Assets.xcassets */ = {isa = PBXFileReference; lastKnownFileType = folder.assetcatalog; path = Assets.xcassets; sourceTree = "<group>"; };
		C1EF03521FEC8EDF00C3D346 /* Base */ = {isa = PBXFileReference; lastKnownFileType = file.storyboard; name = Base; path = Base.lproj/LaunchScreen.storyboard; sourceTree = "<group>"; };
		C1EF03541FEC8EDF00C3D346 /* Info.plist */ = {isa = PBXFileReference; lastKnownFileType = text.plist.xml; path = Info.plist; sourceTree = "<group>"; };
		C1EF03551FEC8EDF00C3D346 /* main.m */ = {isa = PBXFileReference; lastKnownFileType = sourcecode.c.objc; path = main.m; sourceTree = "<group>"; };
		C1EF035C1FEC901A00C3D346 /* DetailViewController.h */ = {isa = PBXFileReference; lastKnownFileType = sourcecode.c.h; path = DetailViewController.h; sourceTree = "<group>"; };
		C1EF035D1FEC901A00C3D346 /* DetailViewController.mm */ = {isa = PBXFileReference; lastKnownFileType = sourcecode.cpp.objcpp; path = DetailViewController.mm; sourceTree = "<group>"; };
/* End PBXFileReference section */

/* Begin PBXFrameworksBuildPhase section */
		C1EF03401FEC8EDE00C3D346 /* Frameworks */ = {
			isa = PBXFrameworksBuildPhase;
			buildActionMask = 2147483647;
			files = (
			);
			runOnlyForDeploymentPostprocessing = 0;
		};
/* End PBXFrameworksBuildPhase section */

/* Begin PBXGroup section */
		C1EF033A1FEC8EDE00C3D346 = {
			isa = PBXGroup;
			children = (
				C1EF03451FEC8EDE00C3D346 /* ModelViewer */,
				C1EF03441FEC8EDE00C3D346 /* Products */,
			);
			sourceTree = "<group>";
		};
		C1EF03441FEC8EDE00C3D346 /* Products */ = {
			isa = PBXGroup;
			children = (
				C1EF03431FEC8EDE00C3D346 /* ModelViewer.app */,
			);
			name = Products;
			sourceTree = "<group>";
		};
		C1EF03451FEC8EDE00C3D346 /* ModelViewer */ = {
			isa = PBXGroup;
			children = (
				C1EF03601FEC909D00C3D346 /* DetailView */,
				C1EF035F1FEC908200C3D346 /* Supporting */,
			);
			path = ModelViewer;
			sourceTree = "<group>";
		};
		C1EF035F1FEC908200C3D346 /* Supporting */ = {
			isa = PBXGroup;
			children = (
				C1EF03461FEC8EDE00C3D346 /* AppDelegate.h */,
				C1EF03471FEC8EDE00C3D346 /* AppDelegate.m */,
				C1EF034C1FEC8EDF00C3D346 /* Main.storyboard */,
				C1EF034F1FEC8EDF00C3D346 /* Assets.xcassets */,
				C1EF03511FEC8EDF00C3D346 /* LaunchScreen.storyboard */,
				C1EF03541FEC8EDF00C3D346 /* Info.plist */,
				C1EF03551FEC8EDF00C3D346 /* main.m */,
			);
			path = Supporting;
			sourceTree = "<group>";
		};
		C1EF03601FEC909D00C3D346 /* DetailView */ = {
			isa = PBXGroup;
			children = (
				C1EF035C1FEC901A00C3D346 /* DetailViewController.h */,
				C1EF035D1FEC901A00C3D346 /* DetailViewController.mm */,
			);
			path = DetailView;
			sourceTree = "<group>";
		};
/* End PBXGroup section */

/* Begin PBXNativeTarget section */
		C1EF03421FEC8EDE00C3D346 /* ModelViewer */ = {
			isa = PBXNativeTarget;
			buildConfigurationList = C1EF03591FEC8EDF00C3D346 /* Build configuration list for PBXNativeTarget "ModelViewer" */;
			buildPhases = (
				C1EF033F1FEC8EDE00C3D346 /* Sources */,
				C1EF03401FEC8EDE00C3D346 /* Frameworks */,
				C1EF03411FEC8EDE00C3D346 /* Resources */,
			);
			buildRules = (
			);
			dependencies = (
			);
			name = ModelViewer;
			productName = ModelViewer;
			productReference = C1EF03431FEC8EDE00C3D346 /* ModelViewer.app */;
			productType = "com.apple.product-type.application";
		};
/* End PBXNativeTarget section */

/* Begin PBXProject section */
		C1EF033B1FEC8EDE00C3D346 /* Project object */ = {
			isa = PBXProject;
			attributes = {
				LastUpgradeCheck = 0920;
				ORGANIZATIONNAME = "Robert Crosby";
				TargetAttributes = {
					C1EF03421FEC8EDE00C3D346 = {
						CreatedOnToolsVersion = 9.2;
						ProvisioningStyle = Automatic;
					};
				};
			};
			buildConfigurationList = C1EF033E1FEC8EDE00C3D346 /* Build configuration list for PBXProject "ModelViewer" */;
			compatibilityVersion = "Xcode 8.0";
			developmentRegion = en;
			hasScannedForEncodings = 0;
			knownRegions = (
				en,
				Base,
			);
			mainGroup = C1EF033A1FEC8EDE00C3D346;
			productRefGroup = C1EF03441FEC8EDE00C3D346 /* Products */;
			projectDirPath = "";
			projectRoot = "";
			targets = (
				C1EF03421FEC8EDE00C3D346 /* ModelViewer */,
			);
		};
/* End PBXProject section */

/* Begin PBXResourcesBuildPhase section */
		C1EF03411FEC8EDE00C3D346 /* Resources */ = {
			isa = PBXResourcesBuildPhase;
			buildActionMask = 2147483647;
			files = (
				C1EF03531FEC8EDF00C3D346 /* LaunchScreen.storyboard in Resources */,
				C1EF03501FEC8EDF00C3D346 /* Assets.xcassets in Resources */,
				C1EF034E1FEC8EDF00C3D346 /* Main.storyboard in Resources */,
			);
			runOnlyForDeploymentPostprocessing = 0;
		};
/* End PBXResourcesBuildPhase section */

/* Begin PBXSourcesBuildPhase section */
		C1EF033F1FEC8EDE00C3D346 /* Sources */ = {
			isa = PBXSourcesBuildPhase;
			buildActionMask = 2147483647;
			files = (
				C1EF03561FEC8EDF00C3D346 /* main.m in Sources */,
				C1EF03481FEC8EDE00C3D346 /* AppDelegate.m in Sources */,
				C1EF035E1FEC901A00C3D346 /* DetailViewController.mm in Sources */,
			);
			runOnlyForDeploymentPostprocessing = 0;
		};
/* End PBXSourcesBuildPhase section */

/* Begin PBXVariantGroup section */
		C1EF034C1FEC8EDF00C3D346 /* Main.storyboard */ = {
			isa = PBXVariantGroup;
			children = (
				C1EF034D1FEC8EDF00C3D346 /* Base */,
			);
			name = Main.storyboard;
			sourceTree = "<group>";
		};
		C1EF03511FEC8EDF00C3D346 /* LaunchScreen.storyboard */ = {
			isa = PBXVariantGroup;
			children = (
				C1EF03521FEC8EDF00C3D346 /* Base */,
			);
			name = LaunchScreen.storyboard;
			sourceTree = "<group>";
		};
/* End PBXVariantGroup section */

/* Begin XCBuildConfiguration section */
		C1EF03571FEC8EDF00C3D346 /* Debug */ = {
			isa = XCBuildConfiguration;
			buildSettings = {
				ALWAYS_SEARCH_USER_PATHS = NO;
				CLANG_ANALYZER_NONNULL = YES;
				CLANG_ANALYZER_NUMBER_OBJECT_CONVERSION = YES_AGGRESSIVE;
				CLANG_CXX_LANGUAGE_STANDARD = "gnu++14";
				CLANG_CXX_LIBRARY = "libc++";
				CLANG_ENABLE_MODULES = YES;
				CLANG_ENABLE_OBJC_ARC = YES;
				CLANG_WARN_BLOCK_CAPTURE_AUTORELEASING = YES;
				CLANG_WARN_BOOL_CONVERSION = YES;
				CLANG_WARN_COMMA = YES;
				CLANG_WARN_CONSTANT_CONVERSION = YES;
				CLANG_WARN_DIRECT_OBJC_ISA_USAGE = YES_ERROR;
				CLANG_WARN_DOCUMENTATION_COMMENTS = YES;
				CLANG_WARN_EMPTY_BODY = YES;
				CLANG_WARN_ENUM_CONVERSION = YES;
				CLANG_WARN_INFINITE_RECURSION = YES;
				CLANG_WARN_INT_CONVERSION = YES;
				CLANG_WARN_NON_LITERAL_NULL_CONVERSION = YES;
				CLANG_WARN_OBJC_LITERAL_CONVERSION = YES;
				CLANG_WARN_OBJC_ROOT_CLASS = YES_ERROR;
				CLANG_WARN_RANGE_LOOP_ANALYSIS = YES;
				CLANG_WARN_STRICT_PROTOTYPES = YES;
				CLANG_WARN_SUSPICIOUS_MOVE = YES;
				CLANG_WARN_UNGUARDED_AVAILABILITY = YES_AGGRESSIVE;
				CLANG_WARN_UNREACHABLE_CODE = YES;
				CLANG_WARN__DUPLICATE_METHOD_MATCH = YES;
				CODE_SIGN_IDENTITY = "iPhone Developer";
				COPY_PHASE_STRIP = NO;
				DEBUG_INFORMATION_FORMAT = dwarf;
				ENABLE_STRICT_OBJC_MSGSEND = YES;
				ENABLE_TESTABILITY = YES;
				GCC_C_LANGUAGE_STANDARD = gnu11;
				GCC_DYNAMIC_NO_PIC = NO;
				GCC_NO_COMMON_BLOCKS = YES;
				GCC_OPTIMIZATION_LEVEL = 0;
				GCC_PREPROCESSOR_DEFINITIONS = (
					"DEBUG=1",
					"$(inherited)",
				);
				GCC_WARN_64_TO_32_BIT_CONVERSION = YES;
				GCC_WARN_ABOUT_RETURN_TYPE = YES_ERROR;
				GCC_WARN_UNDECLARED_SELECTOR = YES;
				GCC_WARN_UNINITIALIZED_AUTOS = YES_AGGRESSIVE;
				GCC_WARN_UNUSED_FUNCTION = YES;
				GCC_WARN_UNUSED_VARIABLE = YES;
				IPHONEOS_DEPLOYMENT_TARGET = 11.2;
				MTL_ENABLE_DEBUG_INFO = YES;
				ONLY_ACTIVE_ARCH = YES;
				SDKROOT = iphoneos;
			};
			name = Debug;
		};
		C1EF03581FEC8EDF00C3D346 /* Release */ = {
			isa = XCBuildConfiguration;
			buildSettings = {
				ALWAYS_SEARCH_USER_PATHS = NO;
				CLANG_ANALYZER_NONNULL = YES;
				CLANG_ANALYZER_NUMBER_OBJECT_CONVERSION = YES_AGGRESSIVE;
				CLANG_CXX_LANGUAGE_STANDARD = "gnu++14";
				CLANG_CXX_LIBRARY = "libc++";
				CLANG_ENABLE_MODULES = YES;
				CLANG_ENABLE_OBJC_ARC = YES;
				CLANG_WARN_BLOCK_CAPTURE_AUTORELEASING = YES;
				CLANG_WARN_BOOL_CONVERSION = YES;
				CLANG_WARN_COMMA = YES;
				CLANG_WARN_CONSTANT_CONVERSION = YES;
				CLANG_WARN_DIRECT_OBJC_ISA_USAGE = YES_ERROR;
				CLANG_WARN_DOCUMENTATION_COMMENTS = YES;
				CLANG_WARN_EMPTY_BODY = YES;
				CLANG_WARN_ENUM_CONVERSION = YES;
				CLANG_WARN_INFINITE_RECURSION = YES;
				CLANG_WARN_INT_CONVERSION = YES;
				CLANG_WARN_NON_LITERAL_NULL_CONVERSION = YES;
				CLANG_WARN_OBJC_LITERAL_CONVERSION = YES;
				CLANG_WARN_OBJC_ROOT_CLASS = YES_ERROR;
				CLANG_WARN_RANGE_LOOP_ANALYSIS = YES;
				CLANG_WARN_STRICT_PROTOTYPES = YES;
				CLANG_WARN_SUSPICIOUS_MOVE = YES;
				CLANG_WARN_UNGUARDED_AVAILABILITY = YES_AGGRESSIVE;
				CLANG_WARN_UNREACHABLE_CODE = YES;
				CLANG_WARN__DUPLICATE_METHOD_MATCH = YES;
				CODE_SIGN_IDENTITY = "iPhone Developer";
				COPY_PHASE_STRIP = NO;
				DEBUG_INFORMATION_FORMAT = "dwarf-with-dsym";
				ENABLE_NS_ASSERTIONS = NO;
				ENABLE_STRICT_OBJC_MSGSEND = YES;
				GCC_C_LANGUAGE_STANDARD = gnu11;
				GCC_NO_COMMON_BLOCKS = YES;
				GCC_WARN_64_TO_32_BIT_CONVERSION = YES;
				GCC_WARN_ABOUT_RETURN_TYPE = YES_ERROR;
				GCC_WARN_UNDECLARED_SELECTOR = YES;
				GCC_WARN_UNINITIALIZED_AUTOS = YES_AGGRESSIVE;
				GCC_WARN_UNUSED_FUNCTION = YES;
				GCC_WARN_UNUSED_VARIABLE = YES;
				IPHONEOS_DEPLOYMENT_TARGET = 11.2;
				MTL_ENABLE_DEBUG_INFO = NO;
				SDKROOT = iphoneos;
				VALIDATE_PRODUCT = YES;
			};
			name = Release;
		};
		C1EF035A1FEC8EDF00C3D346 /* Debug */ = {
			isa = XCBuildConfiguration;
			buildSettings = {
				ASSETCATALOG_COMPILER_APPICON_NAME = AppIcon;
				CODE_SIGN_STYLE = Automatic;
				DEVELOPMENT_TEAM = K62X7R9XCJ;
				INFOPLIST_FILE = ModelViewer/Supporting/Info.plist;
				LD_RUNPATH_SEARCH_PATHS = "$(inherited) @executable_path/Frameworks";
				PRODUCT_BUNDLE_IDENTIFIER = com.FelixEngine.ModelViewer;
				PRODUCT_NAME = "$(TARGET_NAME)";
				TARGETED_DEVICE_FAMILY = "1,2";
			};
			name = Debug;
		};
		C1EF035B1FEC8EDF00C3D346 /* Release */ = {
			isa = XCBuildConfiguration;
			buildSettings = {
				ASSETCATALOG_COMPILER_APPICON_NAME = AppIcon;
				CODE_SIGN_STYLE = Automatic;
				DEVELOPMENT_TEAM = K62X7R9XCJ;
				INFOPLIST_FILE = ModelViewer/Supporting/Info.plist;
				LD_RUNPATH_SEARCH_PATHS = "$(inherited) @executable_path/Frameworks";
				PRODUCT_BUNDLE_IDENTIFIER = com.FelixEngine.ModelViewer;
				PRODUCT_NAME = "$(TARGET_NAME)";
				TARGETED_DEVICE_FAMILY = "1,2";
			};
			name = Release;
		};
/* End XCBuildConfiguration section */

/* Begin XCConfigurationList section */
		C1EF033E1FEC8EDE00C3D346 /* Build configuration list for PBXProject "ModelViewer" */ = {
			isa = XCConfigurationList;
			buildConfigurations = (
				C1EF03571FEC8EDF00C3D346 /* Debug */,
				C1EF03581FEC8EDF00C3D346 /* Release */,
			);
			defaultConfigurationIsVisible = 0;
			defaultConfigurationName = Release;
		};
		C1EF03591FEC8EDF00C3D346 /* Build configuration list for PBXNativeTarget "ModelViewer" */ = {
			isa = XCConfigurationList;
			buildConfigurations = (
				C1EF035A1FEC8EDF00C3D346 /* Debug */,
				C1EF035B1FEC8EDF00C3D346 /* Release */,
			);
			defaultConfigurationIsVisible = 0;
			defaultConfigurationName = Release;
		};
/* End XCConfigurationList section */
	};
	rootObject = C1EF033B1FEC8EDE00C3D346 /* Project object */;
}
