// !$*UTF8*$!
{
	archiveVersion = 1;
	classes = {
	};
	objectVersion = 46;
	objects = {

/* Begin PBXAggregateTarget section */
		C197CE231BED585C007F68E0 /* FelixEngineAg */ = {
			isa = PBXAggregateTarget;
			buildConfigurationList = C197CE241BED585C007F68E0 /* Build configuration list for PBXAggregateTarget "FelixEngineAg" */;
			buildPhases = (
				C197CE271BED5865007F68E0 /* ShellScript */,
			);
			dependencies = (
			);
			name = FelixEngineAg;
			productName = FelixEngineAg;
		};
/* End PBXAggregateTarget section */

/* Begin PBXBuildFile section */
		C106DB7B1BFD0294000065D4 /* Camera.h in Headers */ = {isa = PBXBuildFile; fileRef = C106DB781BFD0294000065D4 /* Camera.h */; settings = {ATTRIBUTES = (Public, ); }; };
		C106DB7C1BFD0294000065D4 /* Model.h in Headers */ = {isa = PBXBuildFile; fileRef = C106DB791BFD0294000065D4 /* Model.h */; settings = {ATTRIBUTES = (Public, ); }; };
		C106DB831BFD0F0A000065D4 /* ViewerCamera.cpp in Sources */ = {isa = PBXBuildFile; fileRef = C106DB811BFD0F0A000065D4 /* ViewerCamera.cpp */; };
		C10B5D321BEDD24000583B8F /* Images in Resources */ = {isa = PBXBuildFile; fileRef = C10B5D311BEDD24000583B8F /* Images */; };
		C10B5D351BEDD28C00583B8F /* SettingsGLES3.xml in Resources */ = {isa = PBXBuildFile; fileRef = C10B5D341BEDD28C00583B8F /* SettingsGLES3.xml */; };
		C10B5D381BEDD2A200583B8F /* TextureScene.xml in Resources */ = {isa = PBXBuildFile; fileRef = C10B5D361BEDD2A200583B8F /* TextureScene.xml */; };
		C10B5D391BEDD2A200583B8F /* TriangleScene.xml in Resources */ = {isa = PBXBuildFile; fileRef = C10B5D371BEDD2A200583B8F /* TriangleScene.xml */; };
		C10B5D3B1BEDD65000583B8F /* Component.cpp in Sources */ = {isa = PBXBuildFile; fileRef = C10B5D3A1BEDD65000583B8F /* Component.cpp */; };
		C10B5D401BF11BED00583B8F /* DepthScene.xml in Resources */ = {isa = PBXBuildFile; fileRef = C10B5D3E1BF11BED00583B8F /* DepthScene.xml */; };
		C10B5D411BF11BED00583B8F /* FrameScene.xml in Resources */ = {isa = PBXBuildFile; fileRef = C10B5D3F1BF11BED00583B8F /* FrameScene.xml */; };
		C1124BE51BF16F4B00CFADD7 /* SettingsGLES2.xml in Resources */ = {isa = PBXBuildFile; fileRef = C1124BE41BF16F4B00CFADD7 /* SettingsGLES2.xml */; };
		C1124BE71BF179BB00CFADD7 /* SettingsMetal.xml in Resources */ = {isa = PBXBuildFile; fileRef = C1124BE61BF179BB00CFADD7 /* SettingsMetal.xml */; };
		C1124BF21BF1865C00CFADD7 /* DefaultLibrary.metal in Sources */ = {isa = PBXBuildFile; fileRef = C1124BF11BF1865C00CFADD7 /* DefaultLibrary.metal */; };
		C1250DF61C20F4E000C6F7C8 /* UIWidget.h in Headers */ = {isa = PBXBuildFile; fileRef = C1250DF41C20F4E000C6F7C8 /* UIWidget.h */; settings = {ATTRIBUTES = (Public, ); }; };
		C1250DF81C21434300C6F7C8 /* UIScreen.h in Headers */ = {isa = PBXBuildFile; fileRef = C1250DF71C21434300C6F7C8 /* UIScreen.h */; };
		C12713D81CAC8706002C8EFA /* Fonts in Resources */ = {isa = PBXBuildFile; fileRef = C12713D71CAC8706002C8EFA /* Fonts */; };
		C13CF51A1CA1F4F200781A3A /* Resources.h in Headers */ = {isa = PBXBuildFile; fileRef = C13CF5191CA1F4F200781A3A /* Resources.h */; };
		C13CF51C1CA1F50A00781A3A /* Buffer.h in Headers */ = {isa = PBXBuildFile; fileRef = C13CF51B1CA1F50A00781A3A /* Buffer.h */; };
		C13CF5221CA1FD2D00781A3A /* TextScene.xml in Resources */ = {isa = PBXBuildFile; fileRef = C13CF5211CA1FD2D00781A3A /* TextScene.xml */; };
		C15D73921BF3B457002FEEE3 /* MotionSystem.h in Headers */ = {isa = PBXBuildFile; fileRef = C15D73911BF3B457002FEEE3 /* MotionSystem.h */; settings = {ATTRIBUTES = (Public, ); }; };
		C15D73961BF3B86E002FEEE3 /* IOSMotionSystem.mm in Sources */ = {isa = PBXBuildFile; fileRef = C15D73941BF3B86E002FEEE3 /* IOSMotionSystem.mm */; };
		C15D73971BF3B86E002FEEE3 /* IOSMotionSystem.h in Headers */ = {isa = PBXBuildFile; fileRef = C15D73951BF3B86E002FEEE3 /* IOSMotionSystem.h */; };
		C15D73991BF3BB1D002FEEE3 /* CoreMotion.framework in Frameworks */ = {isa = PBXBuildFile; fileRef = C15D73981BF3BB1D002FEEE3 /* CoreMotion.framework */; };
		C15D739A1BF3BB30002FEEE3 /* CoreMotion.framework in Frameworks */ = {isa = PBXBuildFile; fileRef = C15D73981BF3BB1D002FEEE3 /* CoreMotion.framework */; };
		C17195451C14B9AC001DBDC6 /* UbiquityFileSystem.mm in Sources */ = {isa = PBXBuildFile; fileRef = C17195431C14B9AC001DBDC6 /* UbiquityFileSystem.mm */; };
		C17195461C14B9AC001DBDC6 /* UbiquityFileSystem.h in Headers */ = {isa = PBXBuildFile; fileRef = C17195441C14B9AC001DBDC6 /* UbiquityFileSystem.h */; };
		C181A52F1C1D0A3D00A228AE /* MainScene.xml in Resources */ = {isa = PBXBuildFile; fileRef = C181A52E1C1D0A3D00A228AE /* MainScene.xml */; };
		C181A5331C1DF79100A228AE /* TestUI.xml in Resources */ = {isa = PBXBuildFile; fileRef = C181A5321C1DF79100A228AE /* TestUI.xml */; };
		C197CDCE1BED298D007F68E0 /* EventHandler.cpp in Sources */ = {isa = PBXBuildFile; fileRef = C197CD861BED298D007F68E0 /* EventHandler.cpp */; };
		C197CDCF1BED298D007F68E0 /* FelixEngine.cpp in Sources */ = {isa = PBXBuildFile; fileRef = C197CD891BED298D007F68E0 /* FelixEngine.cpp */; };
		C197CDD01BED298D007F68E0 /* GLGraphicSystem.cpp in Sources */ = {isa = PBXBuildFile; fileRef = C197CD8D1BED298D007F68E0 /* GLGraphicSystem.cpp */; };
		C197CDD21BED298D007F68E0 /* GraphicSystem.cpp in Sources */ = {isa = PBXBuildFile; fileRef = C197CD961BED298D007F68E0 /* GraphicSystem.cpp */; };
		C197CDD41BED298D007F68E0 /* MeshLoader.cpp in Sources */ = {isa = PBXBuildFile; fileRef = C197CDA01BED298D007F68E0 /* MeshLoader.cpp */; };
		C197CDE21BED298D007F68E0 /* SDLEventSystem.cpp in Sources */ = {isa = PBXBuildFile; fileRef = C197CDBC1BED298D007F68E0 /* SDLEventSystem.cpp */; };
		C197CDE31BED298D007F68E0 /* System.cpp in Sources */ = {isa = PBXBuildFile; fileRef = C197CDC01BED298D007F68E0 /* System.cpp */; };
		C197CDF41BED2F2C007F68E0 /* SDL2.framework in Frameworks */ = {isa = PBXBuildFile; fileRef = C197CDF31BED2F2B007F68E0 /* SDL2.framework */; };
		C197CDF61BED2F42007F68E0 /* freeimage.a in Frameworks */ = {isa = PBXBuildFile; fileRef = C197CDF51BED2F42007F68E0 /* freeimage.a */; };
		C197CDFB1BED342D007F68E0 /* QuartzCore.framework in Frameworks */ = {isa = PBXBuildFile; fileRef = C197CDFA1BED342D007F68E0 /* QuartzCore.framework */; };
		C197CDFD1BED343D007F68E0 /* UIKit.framework in Frameworks */ = {isa = PBXBuildFile; fileRef = C197CDFC1BED343D007F68E0 /* UIKit.framework */; };
		C197CDFF1BED3472007F68E0 /* OpenGLES.framework in Frameworks */ = {isa = PBXBuildFile; fileRef = C197CDFE1BED3472007F68E0 /* OpenGLES.framework */; };
		C197CE011BED3489007F68E0 /* Metal.framework in Frameworks */ = {isa = PBXBuildFile; fileRef = C197CE001BED3489007F68E0 /* Metal.framework */; };
		C197CE031BED3511007F68E0 /* CoreGraphics.framework in Frameworks */ = {isa = PBXBuildFile; fileRef = C197CE021BED3511007F68E0 /* CoreGraphics.framework */; };
		C197CE051BED3562007F68E0 /* Foundation.framework in Frameworks */ = {isa = PBXBuildFile; fileRef = C197CE041BED3562007F68E0 /* Foundation.framework */; };
		C197CE191BED57B3007F68E0 /* Assets.xcassets in Resources */ = {isa = PBXBuildFile; fileRef = C197CE181BED57B3007F68E0 /* Assets.xcassets */; };
		C197CE221BED580F007F68E0 /* main.cpp in Sources */ = {isa = PBXBuildFile; fileRef = C197CE211BED580F007F68E0 /* main.cpp */; };
		C197CE2A1BED5E27007F68E0 /* FelixEngine.h in Headers */ = {isa = PBXBuildFile; fileRef = C197CD8A1BED298D007F68E0 /* FelixEngine.h */; settings = {ATTRIBUTES = (Public, ); }; };
		C197CE2C1BED5E48007F68E0 /* MeshLoader.h in Headers */ = {isa = PBXBuildFile; fileRef = C197CDA11BED298D007F68E0 /* MeshLoader.h */; };
		C197CE2F1BED5E70007F68E0 /* Scene.h in Headers */ = {isa = PBXBuildFile; fileRef = C197CDBB1BED298D007F68E0 /* Scene.h */; settings = {ATTRIBUTES = (Public, ); }; };
		C197CE321BED5E7C007F68E0 /* Material.h in Headers */ = {isa = PBXBuildFile; fileRef = C197CD9E1BED298D007F68E0 /* Material.h */; settings = {ATTRIBUTES = (Public, ); }; };
		C197CE351BED5E98007F68E0 /* Component.h in Headers */ = {isa = PBXBuildFile; fileRef = C197CD831BED298D007F68E0 /* Component.h */; settings = {ATTRIBUTES = (Public, ); }; };
		C197CE361BED5E9D007F68E0 /* Transform.h in Headers */ = {isa = PBXBuildFile; fileRef = C197CDC71BED298D007F68E0 /* Transform.h */; settings = {ATTRIBUTES = (Public, ); }; };
		C197CE371BED5EA3007F68E0 /* Projection.h in Headers */ = {isa = PBXBuildFile; fileRef = C197CDB51BED298D007F68E0 /* Projection.h */; settings = {ATTRIBUTES = (Public, ); }; };
		C197CE381BED5EA8007F68E0 /* RenderSlots.h in Headers */ = {isa = PBXBuildFile; fileRef = C197CDB81BED298D007F68E0 /* RenderSlots.h */; settings = {ATTRIBUTES = (Public, ); }; };
		C197CE391BED5EBA007F68E0 /* System.h in Headers */ = {isa = PBXBuildFile; fileRef = C197CDC11BED298D007F68E0 /* System.h */; settings = {ATTRIBUTES = (Public, ); }; };
		C197CE3A1BED5EBF007F68E0 /* Resource.h in Headers */ = {isa = PBXBuildFile; fileRef = C197CDB91BED298D007F68E0 /* Resource.h */; settings = {ATTRIBUTES = (Public, ); }; };
		C197CE3B1BED5EFB007F68E0 /* GraphicSystem.h in Headers */ = {isa = PBXBuildFile; fileRef = C197CD971BED298D007F68E0 /* GraphicSystem.h */; settings = {ATTRIBUTES = (Public, ); }; };
		C197CE3C1BED5F01007F68E0 /* GraphicResources.h in Headers */ = {isa = PBXBuildFile; fileRef = C197CD951BED298D007F68E0 /* GraphicResources.h */; settings = {ATTRIBUTES = (Public, ); }; };
		C197CE3D1BED5F06007F68E0 /* GraphicTask.h in Headers */ = {isa = PBXBuildFile; fileRef = C197CD981BED298D007F68E0 /* GraphicTask.h */; settings = {ATTRIBUTES = (Public, ); }; };
		C197CE3E1BED5F0B007F68E0 /* Sampler.h in Headers */ = {isa = PBXBuildFile; fileRef = C197CDBA1BED298D007F68E0 /* Sampler.h */; settings = {ATTRIBUTES = (Public, ); }; };
		C197CE3F1BED5F13007F68E0 /* GLGraphicSystem.h in Headers */ = {isa = PBXBuildFile; fileRef = C197CD8E1BED298D007F68E0 /* GLGraphicSystem.h */; };
		C197CE401BED5F15007F68E0 /* GLUniformMap.h in Headers */ = {isa = PBXBuildFile; fileRef = C197CD921BED298D007F68E0 /* GLUniformMap.h */; };
		C197CE411BED5F19007F68E0 /* GLWindow.h in Headers */ = {isa = PBXBuildFile; fileRef = C197CD931BED298D007F68E0 /* GLWindow.h */; };
		C197CE421BED5F1B007F68E0 /* GLFrame.h in Headers */ = {isa = PBXBuildFile; fileRef = C197CD8C1BED298D007F68E0 /* GLFrame.h */; };
		C197CE431BED5F1E007F68E0 /* GLShader.h in Headers */ = {isa = PBXBuildFile; fileRef = C197CD901BED298D007F68E0 /* GLShader.h */; };
		C197CE441BED5F20007F68E0 /* GLMesh.h in Headers */ = {isa = PBXBuildFile; fileRef = C197CD8F1BED298D007F68E0 /* GLMesh.h */; };
		C197CE451BED5F23007F68E0 /* GLTexture.h in Headers */ = {isa = PBXBuildFile; fileRef = C197CD911BED298D007F68E0 /* GLTexture.h */; };
		C197CE461BED5F2D007F68E0 /* MTLGraphicSystem.h in Headers */ = {isa = PBXBuildFile; fileRef = C197CDA51BED298D007F68E0 /* MTLGraphicSystem.h */; };
		C197CE471BED5F31007F68E0 /* MTLGraphicResources.h in Headers */ = {isa = PBXBuildFile; fileRef = C197CDA41BED298D007F68E0 /* MTLGraphicResources.h */; };
		C197CE4A1BED5FA1007F68E0 /* Vector.h in Headers */ = {isa = PBXBuildFile; fileRef = C197CDCA1BED298D007F68E0 /* Vector.h */; settings = {ATTRIBUTES = (Public, ); }; };
		C197CE4B1BED5FA6007F68E0 /* Matrix.h in Headers */ = {isa = PBXBuildFile; fileRef = C197CD9F1BED298D007F68E0 /* Matrix.h */; settings = {ATTRIBUTES = (Public, ); }; };
		C197CE4C1BED5FAA007F68E0 /* Quaternion.h in Headers */ = {isa = PBXBuildFile; fileRef = C197CDB61BED298D007F68E0 /* Quaternion.h */; settings = {ATTRIBUTES = (Public, ); }; };
		C197CE4D1BED5FAE007F68E0 /* Color.h in Headers */ = {isa = PBXBuildFile; fileRef = C197CD821BED298D007F68E0 /* Color.h */; settings = {ATTRIBUTES = (Public, ); }; };
		C197CE4E1BED5FB3007F68E0 /* StringUtils.h in Headers */ = {isa = PBXBuildFile; fileRef = C197CDBF1BED298D007F68E0 /* StringUtils.h */; settings = {ATTRIBUTES = (Public, ); }; };
		C197CE4F1BED5FB7007F68E0 /* XMLTree.h in Headers */ = {isa = PBXBuildFile; fileRef = C197CDCD1BED298D007F68E0 /* XMLTree.h */; settings = {ATTRIBUTES = (Public, ); }; };
		C197CE501BED5FBB007F68E0 /* Semaphore.h in Headers */ = {isa = PBXBuildFile; fileRef = C197CDBE1BED298D007F68E0 /* Semaphore.h */; settings = {ATTRIBUTES = (Public, ); }; };
		C197CE511BED5FC1007F68E0 /* Mutex.h in Headers */ = {isa = PBXBuildFile; fileRef = C197CDAE1BED298D007F68E0 /* Mutex.h */; settings = {ATTRIBUTES = (Public, ); }; };
		C197CE521BED5FC5007F68E0 /* Image.h in Headers */ = {isa = PBXBuildFile; fileRef = C197CD991BED298D007F68E0 /* Image.h */; settings = {ATTRIBUTES = (Public, ); }; };
		C197CE531BED5FC9007F68E0 /* IndexedMap.h in Headers */ = {isa = PBXBuildFile; fileRef = C197CD9C1BED298D007F68E0 /* IndexedMap.h */; settings = {ATTRIBUTES = (Public, ); }; };
		C197CE541BED5FCD007F68E0 /* Variant.h in Headers */ = {isa = PBXBuildFile; fileRef = C197CDC91BED298D007F68E0 /* Variant.h */; settings = {ATTRIBUTES = (Public, ); }; };
		C197CE551BED5FD2007F68E0 /* MultiVector.h in Headers */ = {isa = PBXBuildFile; fileRef = C197CDAD1BED298D007F68E0 /* MultiVector.h */; settings = {ATTRIBUTES = (Public, ); }; };
		C197CE561BED5FD6007F68E0 /* List.h in Headers */ = {isa = PBXBuildFile; fileRef = C197CD9D1BED298D007F68E0 /* List.h */; settings = {ATTRIBUTES = (Public, ); }; };
		C197CE571BED5FDB007F68E0 /* Delegate.h in Headers */ = {isa = PBXBuildFile; fileRef = C197CD841BED298D007F68E0 /* Delegate.h */; settings = {ATTRIBUTES = (Public, ); }; };
		C197CE581BED5FDF007F68E0 /* Pool.h in Headers */ = {isa = PBXBuildFile; fileRef = C197CDB31BED298D007F68E0 /* Pool.h */; settings = {ATTRIBUTES = (Public, ); }; };
		C197CE5A1BED6CCE007F68E0 /* FelixEngine.framework in Frameworks */ = {isa = PBXBuildFile; fileRef = C197CE591BED6C8C007F68E0 /* FelixEngine.framework */; };
		C197CE5B1BED6D03007F68E0 /* SDL2.framework in Frameworks */ = {isa = PBXBuildFile; fileRef = C197CDF31BED2F2B007F68E0 /* SDL2.framework */; };
		C197CE5C1BED6D03007F68E0 /* Foundation.framework in Frameworks */ = {isa = PBXBuildFile; fileRef = C197CE041BED3562007F68E0 /* Foundation.framework */; };
		C197CE5D1BED6D03007F68E0 /* CoreGraphics.framework in Frameworks */ = {isa = PBXBuildFile; fileRef = C197CE021BED3511007F68E0 /* CoreGraphics.framework */; };
		C197CE5E1BED6D03007F68E0 /* Metal.framework in Frameworks */ = {isa = PBXBuildFile; fileRef = C197CE001BED3489007F68E0 /* Metal.framework */; };
		C197CE5F1BED6D03007F68E0 /* OpenGLES.framework in Frameworks */ = {isa = PBXBuildFile; fileRef = C197CDFE1BED3472007F68E0 /* OpenGLES.framework */; };
		C197CE601BED6D03007F68E0 /* UIKit.framework in Frameworks */ = {isa = PBXBuildFile; fileRef = C197CDFC1BED343D007F68E0 /* UIKit.framework */; };
		C197CE611BED6D03007F68E0 /* QuartzCore.framework in Frameworks */ = {isa = PBXBuildFile; fileRef = C197CDFA1BED342D007F68E0 /* QuartzCore.framework */; };
		C197CE621BED6D11007F68E0 /* freeimage.a in Frameworks */ = {isa = PBXBuildFile; fileRef = C197CDF51BED2F42007F68E0 /* freeimage.a */; };
		C197CE661BED7FD1007F68E0 /* CoreAudio.framework in Frameworks */ = {isa = PBXBuildFile; fileRef = C197CE651BED7FD1007F68E0 /* CoreAudio.framework */; };
		C197CE681BED7FF1007F68E0 /* AudioToolbox.framework in Frameworks */ = {isa = PBXBuildFile; fileRef = C197CE671BED7FF1007F68E0 /* AudioToolbox.framework */; };
		C197CE691BED8002007F68E0 /* AudioToolbox.framework in Frameworks */ = {isa = PBXBuildFile; fileRef = C197CE671BED7FF1007F68E0 /* AudioToolbox.framework */; };
		C197CE6A1BED8002007F68E0 /* CoreAudio.framework in Frameworks */ = {isa = PBXBuildFile; fileRef = C197CE651BED7FD1007F68E0 /* CoreAudio.framework */; };
		C19892521BFD36A3007DF57A /* TrackingView.h in Headers */ = {isa = PBXBuildFile; fileRef = C19892511BFD36A3007DF57A /* TrackingView.h */; settings = {ATTRIBUTES = (Public, ); }; };
		C198925A1BFD3D5A007DF57A /* OrbitView.h in Headers */ = {isa = PBXBuildFile; fileRef = C19892591BFD3D5A007DF57A /* OrbitView.h */; settings = {ATTRIBUTES = (Public, ); }; };
		C198925C1BFFE171007DF57A /* GyroView.h in Headers */ = {isa = PBXBuildFile; fileRef = C198925B1BFFE171007DF57A /* GyroView.h */; settings = {ATTRIBUTES = (Public, ); }; };
		C19EDC661C0E514A00F997AB /* FileSystem.mm in Sources */ = {isa = PBXBuildFile; fileRef = C19EDC641C0E514A00F997AB /* FileSystem.mm */; };
		C19EDC671C0E514A00F997AB /* FileSystem.h in Headers */ = {isa = PBXBuildFile; fileRef = C19EDC651C0E514A00F997AB /* FileSystem.h */; settings = {ATTRIBUTES = (Public, ); }; };
		C1AC38061C8CB34C00DCC638 /* Scene.cpp in Sources */ = {isa = PBXBuildFile; fileRef = C1AC38051C8CB34C00DCC638 /* Scene.cpp */; };
		C1B00E811BF68FDF0060BE21 /* Assets.xcassets in Resources */ = {isa = PBXBuildFile; fileRef = C1B00E801BF68FDF0060BE21 /* Assets.xcassets */; };
		C1B00E8A1BF690890060BE21 /* main.cpp in Sources */ = {isa = PBXBuildFile; fileRef = C1B00E891BF690890060BE21 /* main.cpp */; };
		C1B00E8B1BF690B00060BE21 /* SDL2.framework in Frameworks */ = {isa = PBXBuildFile; fileRef = C197CDF31BED2F2B007F68E0 /* SDL2.framework */; };
		C1B00E8C1BF690B00060BE21 /* Foundation.framework in Frameworks */ = {isa = PBXBuildFile; fileRef = C197CE041BED3562007F68E0 /* Foundation.framework */; };
		C1B00E8D1BF690B00060BE21 /* CoreGraphics.framework in Frameworks */ = {isa = PBXBuildFile; fileRef = C197CE021BED3511007F68E0 /* CoreGraphics.framework */; };
		C1B00E8E1BF690B00060BE21 /* Metal.framework in Frameworks */ = {isa = PBXBuildFile; fileRef = C197CE001BED3489007F68E0 /* Metal.framework */; };
		C1B00E8F1BF690B00060BE21 /* OpenGLES.framework in Frameworks */ = {isa = PBXBuildFile; fileRef = C197CDFE1BED3472007F68E0 /* OpenGLES.framework */; };
		C1B00E901BF690B00060BE21 /* UIKit.framework in Frameworks */ = {isa = PBXBuildFile; fileRef = C197CDFC1BED343D007F68E0 /* UIKit.framework */; };
		C1B00E911BF690B00060BE21 /* QuartzCore.framework in Frameworks */ = {isa = PBXBuildFile; fileRef = C197CDFA1BED342D007F68E0 /* QuartzCore.framework */; };
		C1B00E921BF690B70060BE21 /* CoreMotion.framework in Frameworks */ = {isa = PBXBuildFile; fileRef = C15D73981BF3BB1D002FEEE3 /* CoreMotion.framework */; };
		C1B00E931BF690B70060BE21 /* AudioToolbox.framework in Frameworks */ = {isa = PBXBuildFile; fileRef = C197CE671BED7FF1007F68E0 /* AudioToolbox.framework */; };
		C1B00E941BF690B70060BE21 /* CoreAudio.framework in Frameworks */ = {isa = PBXBuildFile; fileRef = C197CE651BED7FD1007F68E0 /* CoreAudio.framework */; };
		C1B00E951BF690B70060BE21 /* FelixEngine.framework in Frameworks */ = {isa = PBXBuildFile; fileRef = C197CE591BED6C8C007F68E0 /* FelixEngine.framework */; };
		C1B00E961BF690C40060BE21 /* freeimage.a in Frameworks */ = {isa = PBXBuildFile; fileRef = C197CDF51BED2F42007F68E0 /* freeimage.a */; };
		C1B00E9D1BF691E30060BE21 /* DefaultLibrary.metal in Sources */ = {isa = PBXBuildFile; fileRef = C1B00E971BF691E30060BE21 /* DefaultLibrary.metal */; };
		C1B00E9F1BF691E30060BE21 /* SettingsGLES2.xml in Resources */ = {isa = PBXBuildFile; fileRef = C1B00E991BF691E30060BE21 /* SettingsGLES2.xml */; };
		C1B00EA01BF691E30060BE21 /* SettingsGLES3.xml in Resources */ = {isa = PBXBuildFile; fileRef = C1B00E9A1BF691E30060BE21 /* SettingsGLES3.xml */; };
		C1B00EA11BF691E30060BE21 /* SettingsMetal_IOS.xml in Resources */ = {isa = PBXBuildFile; fileRef = C1B00E9B1BF691E30060BE21 /* SettingsMetal_IOS.xml */; };
		C1B00ED01BF7E1F00060BE21 /* Meshes in Resources */ = {isa = PBXBuildFile; fileRef = C1B00ECE1BF7E1F00060BE21 /* Meshes */; };
		C1B00ED11BF7E1F00060BE21 /* Scenes in Resources */ = {isa = PBXBuildFile; fileRef = C1B00ECF1BF7E1F00060BE21 /* Scenes */; };
		C1B00EE51BFBAB9C0060BE21 /* View.h in Headers */ = {isa = PBXBuildFile; fileRef = C1B00EE31BFBAB9C0060BE21 /* View.h */; settings = {ATTRIBUTES = (Public, ); }; };
		C1D308641C322E0B003286CF /* Images in Resources */ = {isa = PBXBuildFile; fileRef = C1D308631C322E0B003286CF /* Images */; };
		C1D3086A1C34507F003286CF /* UIText.h in Headers */ = {isa = PBXBuildFile; fileRef = C1D308691C34507F003286CF /* UIText.h */; };
		C1D3086C1C348098003286CF /* Fonts in Resources */ = {isa = PBXBuildFile; fileRef = C1D3086B1C348098003286CF /* Fonts */; };
		C1D905211C179C540099974C /* Condition.h in Headers */ = {isa = PBXBuildFile; fileRef = C1D905201C179C540099974C /* Condition.h */; settings = {ATTRIBUTES = (Public, ); }; };
		C1E6834C1C49B4FC00E1705D /* OwnPtr.h in Headers */ = {isa = PBXBuildFile; fileRef = C1E6834B1C49B4FC00E1705D /* OwnPtr.h */; settings = {ATTRIBUTES = (Public, ); }; };
		C1E683501C4ED40A00E1705D /* GLUniforms.h in Headers */ = {isa = PBXBuildFile; fileRef = C1E6834F1C4ED40A00E1705D /* GLUniforms.h */; };
		C1E683571C4EFB5000E1705D /* TextureLoader.cpp in Sources */ = {isa = PBXBuildFile; fileRef = C1E683551C4EFB5000E1705D /* TextureLoader.cpp */; };
		C1E683581C4EFB5000E1705D /* TextureLoader.h in Headers */ = {isa = PBXBuildFile; fileRef = C1E683561C4EFB5000E1705D /* TextureLoader.h */; settings = {ATTRIBUTES = (Public, ); }; };
/* End PBXBuildFile section */

/* Begin PBXContainerItemProxy section */
		C197CE631BED7045007F68E0 /* PBXContainerItemProxy */ = {
			isa = PBXContainerItemProxy;
			containerPortal = C197CD6E1BED291A007F68E0 /* Project object */;
			proxyType = 1;
			remoteGlobalIDString = C197CE231BED585C007F68E0;
			remoteInfo = FelixEngineAg;
		};
		C1B00EA31BF692C30060BE21 /* PBXContainerItemProxy */ = {
			isa = PBXContainerItemProxy;
			containerPortal = C197CD6E1BED291A007F68E0 /* Project object */;
			proxyType = 1;
			remoteGlobalIDString = C197CE231BED585C007F68E0;
			remoteInfo = FelixEngineAg;
		};
/* End PBXContainerItemProxy section */

/* Begin PBXCopyFilesBuildPhase section */
		C197CD741BED291A007F68E0 /* CopyFiles */ = {
			isa = PBXCopyFilesBuildPhase;
			buildActionMask = 2147483647;
			dstPath = "include/$(PRODUCT_NAME)";
			dstSubfolderSpec = 16;
			files = (
			);
			runOnlyForDeploymentPostprocessing = 0;
		};
/* End PBXCopyFilesBuildPhase section */

/* Begin PBXFileReference section */
		C106DB781BFD0294000065D4 /* Camera.h */ = {isa = PBXFileReference; fileEncoding = 4; lastKnownFileType = sourcecode.c.h; name = Camera.h; path = ../../../../Source/FelixEngine/Camera.h; sourceTree = "<group>"; };
		C106DB791BFD0294000065D4 /* Model.h */ = {isa = PBXFileReference; fileEncoding = 4; lastKnownFileType = sourcecode.c.h; name = Model.h; path = ../../../../Source/FelixEngine/Model.h; sourceTree = "<group>"; };
		C106DB811BFD0F0A000065D4 /* ViewerCamera.cpp */ = {isa = PBXFileReference; fileEncoding = 4; lastKnownFileType = sourcecode.cpp.cpp; name = ViewerCamera.cpp; path = ../../../../Source/ModelViewer/ViewerCamera.cpp; sourceTree = "<group>"; };
		C106DB821BFD0F0A000065D4 /* ViewerCamera.h */ = {isa = PBXFileReference; fileEncoding = 4; lastKnownFileType = sourcecode.c.h; name = ViewerCamera.h; path = ../../../../Source/ModelViewer/ViewerCamera.h; sourceTree = "<group>"; };
		C10B5D311BEDD24000583B8F /* Images */ = {isa = PBXFileReference; lastKnownFileType = folder; name = Images; path = ../../../../Source/HelloFelix/Resources/Images; sourceTree = "<group>"; };
		C10B5D341BEDD28C00583B8F /* SettingsGLES3.xml */ = {isa = PBXFileReference; fileEncoding = 4; lastKnownFileType = text.xml; name = SettingsGLES3.xml; path = ../../../../Source/HelloFelix/Resources/SettingsGLES3.xml; sourceTree = "<group>"; };
		C10B5D361BEDD2A200583B8F /* TextureScene.xml */ = {isa = PBXFileReference; fileEncoding = 4; lastKnownFileType = text.xml; name = TextureScene.xml; path = ../../../../Source/HelloFelix/Resources/TextureScene.xml; sourceTree = "<group>"; };
		C10B5D371BEDD2A200583B8F /* TriangleScene.xml */ = {isa = PBXFileReference; fileEncoding = 4; lastKnownFileType = text.xml; name = TriangleScene.xml; path = ../../../../Source/HelloFelix/Resources/TriangleScene.xml; sourceTree = "<group>"; };
		C10B5D3A1BEDD65000583B8F /* Component.cpp */ = {isa = PBXFileReference; fileEncoding = 4; lastKnownFileType = sourcecode.cpp.cpp; name = Component.cpp; path = ../../../../Source/FelixEngine/Component.cpp; sourceTree = "<group>"; };
		C10B5D3E1BF11BED00583B8F /* DepthScene.xml */ = {isa = PBXFileReference; fileEncoding = 4; lastKnownFileType = text.xml; name = DepthScene.xml; path = ../../../../Source/HelloFelix/Resources/DepthScene.xml; sourceTree = "<group>"; };
		C10B5D3F1BF11BED00583B8F /* FrameScene.xml */ = {isa = PBXFileReference; fileEncoding = 4; lastKnownFileType = text.xml; name = FrameScene.xml; path = ../../../../Source/HelloFelix/Resources/FrameScene.xml; sourceTree = "<group>"; };
		C1124BE41BF16F4B00CFADD7 /* SettingsGLES2.xml */ = {isa = PBXFileReference; fileEncoding = 4; lastKnownFileType = text.xml; name = SettingsGLES2.xml; path = ../../../../Source/HelloFelix/Resources/SettingsGLES2.xml; sourceTree = "<group>"; };
		C1124BE61BF179BB00CFADD7 /* SettingsMetal.xml */ = {isa = PBXFileReference; fileEncoding = 4; lastKnownFileType = text.xml; name = SettingsMetal.xml; path = ../../../../Source/HelloFelix/Resources/SettingsMetal.xml; sourceTree = "<group>"; };
		C1124BF11BF1865C00CFADD7 /* DefaultLibrary.metal */ = {isa = PBXFileReference; fileEncoding = 4; lastKnownFileType = sourcecode.metal; name = DefaultLibrary.metal; path = ../../../../Source/HelloFelix/Resources/DefaultLibrary.metal; sourceTree = "<group>"; };
		C1250DF41C20F4E000C6F7C8 /* UIWidget.h */ = {isa = PBXFileReference; fileEncoding = 4; lastKnownFileType = sourcecode.c.h; name = UIWidget.h; path = ../../../../Source/FelixEngine/UIWidget.h; sourceTree = "<group>"; };
		C1250DF71C21434300C6F7C8 /* UIScreen.h */ = {isa = PBXFileReference; fileEncoding = 4; lastKnownFileType = sourcecode.c.h; name = UIScreen.h; path = ../../../../Source/FelixEngine/UIScreen.h; sourceTree = "<group>"; };
		C12713D71CAC8706002C8EFA /* Fonts */ = {isa = PBXFileReference; lastKnownFileType = folder; name = Fonts; path = ../../../../Source/HelloFelix/Resources/Fonts; sourceTree = "<group>"; };
		C13CF5191CA1F4F200781A3A /* Resources.h */ = {isa = PBXFileReference; fileEncoding = 4; lastKnownFileType = sourcecode.c.h; name = Resources.h; path = ../../../../Source/FelixEngine/Resources.h; sourceTree = "<group>"; };
		C13CF51B1CA1F50A00781A3A /* Buffer.h */ = {isa = PBXFileReference; fileEncoding = 4; lastKnownFileType = sourcecode.c.h; name = Buffer.h; path = ../../../../Source/FelixEngine/Buffer.h; sourceTree = "<group>"; };
		C13CF5211CA1FD2D00781A3A /* TextScene.xml */ = {isa = PBXFileReference; fileEncoding = 4; lastKnownFileType = text.xml; name = TextScene.xml; path = ../../../../Source/HelloFelix/Resources/TextScene.xml; sourceTree = "<group>"; };
		C15D73911BF3B457002FEEE3 /* MotionSystem.h */ = {isa = PBXFileReference; fileEncoding = 4; lastKnownFileType = sourcecode.c.h; name = MotionSystem.h; path = ../../../../Source/FelixEngine/MotionSystem.h; sourceTree = "<group>"; };
		C15D73941BF3B86E002FEEE3 /* IOSMotionSystem.mm */ = {isa = PBXFileReference; fileEncoding = 4; lastKnownFileType = sourcecode.cpp.objcpp; name = IOSMotionSystem.mm; path = ../../../../Source/FelixEngine/IOSMotionSystem.mm; sourceTree = "<group>"; };
		C15D73951BF3B86E002FEEE3 /* IOSMotionSystem.h */ = {isa = PBXFileReference; fileEncoding = 4; lastKnownFileType = sourcecode.c.h; name = IOSMotionSystem.h; path = ../../../../Source/FelixEngine/IOSMotionSystem.h; sourceTree = "<group>"; };
		C15D73981BF3BB1D002FEEE3 /* CoreMotion.framework */ = {isa = PBXFileReference; lastKnownFileType = wrapper.framework; name = CoreMotion.framework; path = System/Library/Frameworks/CoreMotion.framework; sourceTree = SDKROOT; };
		C17195431C14B9AC001DBDC6 /* UbiquityFileSystem.mm */ = {isa = PBXFileReference; fileEncoding = 4; lastKnownFileType = sourcecode.cpp.objcpp; name = UbiquityFileSystem.mm; path = ../../../../Source/FelixEngine/UbiquityFileSystem.mm; sourceTree = "<group>"; };
		C17195441C14B9AC001DBDC6 /* UbiquityFileSystem.h */ = {isa = PBXFileReference; fileEncoding = 4; lastKnownFileType = sourcecode.c.h; name = UbiquityFileSystem.h; path = ../../../../Source/FelixEngine/UbiquityFileSystem.h; sourceTree = "<group>"; };
		C171954D1C150482001DBDC6 /* ModelViewer.entitlements */ = {isa = PBXFileReference; lastKnownFileType = text.xml; path = ModelViewer.entitlements; sourceTree = "<group>"; };
		C181A52E1C1D0A3D00A228AE /* MainScene.xml */ = {isa = PBXFileReference; fileEncoding = 4; lastKnownFileType = text.xml; name = MainScene.xml; path = ../../../../Source/ModelViewer/Resources/MainScene.xml; sourceTree = "<group>"; };
		C181A5321C1DF79100A228AE /* TestUI.xml */ = {isa = PBXFileReference; fileEncoding = 4; lastKnownFileType = text.xml; name = TestUI.xml; path = ../../../../Source/ModelViewer/Resources/TestUI.xml; sourceTree = "<group>"; };
		C197CD761BED291A007F68E0 /* libFelixEngine.a */ = {isa = PBXFileReference; explicitFileType = archive.ar; includeInIndex = 0; path = libFelixEngine.a; sourceTree = BUILT_PRODUCTS_DIR; };
		C197CD821BED298D007F68E0 /* Color.h */ = {isa = PBXFileReference; fileEncoding = 4; lastKnownFileType = sourcecode.c.h; name = Color.h; path = ../../../../Source/FelixEngine/Color.h; sourceTree = "<group>"; };
		C197CD831BED298D007F68E0 /* Component.h */ = {isa = PBXFileReference; fileEncoding = 4; lastKnownFileType = sourcecode.c.h; name = Component.h; path = ../../../../Source/FelixEngine/Component.h; sourceTree = "<group>"; };
		C197CD841BED298D007F68E0 /* Delegate.h */ = {isa = PBXFileReference; fileEncoding = 4; lastKnownFileType = sourcecode.c.h; name = Delegate.h; path = ../../../../Source/FelixEngine/Delegate.h; sourceTree = "<group>"; };
		C197CD851BED298D007F68E0 /* Event.h */ = {isa = PBXFileReference; fileEncoding = 4; lastKnownFileType = sourcecode.c.h; name = Event.h; path = ../../../../Source/FelixEngine/Event.h; sourceTree = "<group>"; };
		C197CD861BED298D007F68E0 /* EventHandler.cpp */ = {isa = PBXFileReference; fileEncoding = 4; lastKnownFileType = sourcecode.cpp.cpp; name = EventHandler.cpp; path = ../../../../Source/FelixEngine/EventHandler.cpp; sourceTree = "<group>"; };
		C197CD871BED298D007F68E0 /* EventHandler.h */ = {isa = PBXFileReference; fileEncoding = 4; lastKnownFileType = sourcecode.c.h; name = EventHandler.h; path = ../../../../Source/FelixEngine/EventHandler.h; sourceTree = "<group>"; };
		C197CD881BED298D007F68E0 /* EventSystem.h */ = {isa = PBXFileReference; fileEncoding = 4; lastKnownFileType = sourcecode.c.h; name = EventSystem.h; path = ../../../../Source/FelixEngine/EventSystem.h; sourceTree = "<group>"; };
		C197CD891BED298D007F68E0 /* FelixEngine.cpp */ = {isa = PBXFileReference; fileEncoding = 4; lastKnownFileType = sourcecode.cpp.cpp; name = FelixEngine.cpp; path = ../../../../Source/FelixEngine/FelixEngine.cpp; sourceTree = "<group>"; };
		C197CD8A1BED298D007F68E0 /* FelixEngine.h */ = {isa = PBXFileReference; fileEncoding = 4; lastKnownFileType = sourcecode.c.h; name = FelixEngine.h; path = ../../../../Source/FelixEngine/FelixEngine.h; sourceTree = "<group>"; };
		C197CD8B1BED298D007F68E0 /* GCDTaskingSystem.h */ = {isa = PBXFileReference; fileEncoding = 4; lastKnownFileType = sourcecode.c.h; name = GCDTaskingSystem.h; path = ../../../../Source/FelixEngine/GCDTaskingSystem.h; sourceTree = "<group>"; };
		C197CD8C1BED298D007F68E0 /* GLFrame.h */ = {isa = PBXFileReference; fileEncoding = 4; lastKnownFileType = sourcecode.c.h; name = GLFrame.h; path = ../../../../Source/FelixEngine/GLFrame.h; sourceTree = "<group>"; };
		C197CD8D1BED298D007F68E0 /* GLGraphicSystem.cpp */ = {isa = PBXFileReference; fileEncoding = 4; lastKnownFileType = sourcecode.cpp.cpp; name = GLGraphicSystem.cpp; path = ../../../../Source/FelixEngine/GLGraphicSystem.cpp; sourceTree = "<group>"; };
		C197CD8E1BED298D007F68E0 /* GLGraphicSystem.h */ = {isa = PBXFileReference; fileEncoding = 4; lastKnownFileType = sourcecode.c.h; name = GLGraphicSystem.h; path = ../../../../Source/FelixEngine/GLGraphicSystem.h; sourceTree = "<group>"; };
		C197CD8F1BED298D007F68E0 /* GLMesh.h */ = {isa = PBXFileReference; fileEncoding = 4; lastKnownFileType = sourcecode.c.h; name = GLMesh.h; path = ../../../../Source/FelixEngine/GLMesh.h; sourceTree = "<group>"; };
		C197CD901BED298D007F68E0 /* GLShader.h */ = {isa = PBXFileReference; fileEncoding = 4; lastKnownFileType = sourcecode.c.h; name = GLShader.h; path = ../../../../Source/FelixEngine/GLShader.h; sourceTree = "<group>"; };
		C197CD911BED298D007F68E0 /* GLTexture.h */ = {isa = PBXFileReference; fileEncoding = 4; lastKnownFileType = sourcecode.c.h; name = GLTexture.h; path = ../../../../Source/FelixEngine/GLTexture.h; sourceTree = "<group>"; };
		C197CD921BED298D007F68E0 /* GLUniformMap.h */ = {isa = PBXFileReference; fileEncoding = 4; lastKnownFileType = sourcecode.c.h; name = GLUniformMap.h; path = ../../../../Source/FelixEngine/GLUniformMap.h; sourceTree = "<group>"; };
		C197CD931BED298D007F68E0 /* GLWindow.h */ = {isa = PBXFileReference; fileEncoding = 4; lastKnownFileType = sourcecode.c.h; name = GLWindow.h; path = ../../../../Source/FelixEngine/GLWindow.h; sourceTree = "<group>"; };
		C197CD951BED298D007F68E0 /* GraphicResources.h */ = {isa = PBXFileReference; fileEncoding = 4; lastKnownFileType = sourcecode.c.h; name = GraphicResources.h; path = ../../../../Source/FelixEngine/GraphicResources.h; sourceTree = "<group>"; };
		C197CD961BED298D007F68E0 /* GraphicSystem.cpp */ = {isa = PBXFileReference; fileEncoding = 4; lastKnownFileType = sourcecode.cpp.cpp; name = GraphicSystem.cpp; path = ../../../../Source/FelixEngine/GraphicSystem.cpp; sourceTree = "<group>"; };
		C197CD971BED298D007F68E0 /* GraphicSystem.h */ = {isa = PBXFileReference; fileEncoding = 4; lastKnownFileType = sourcecode.c.h; name = GraphicSystem.h; path = ../../../../Source/FelixEngine/GraphicSystem.h; sourceTree = "<group>"; };
		C197CD981BED298D007F68E0 /* GraphicTask.h */ = {isa = PBXFileReference; fileEncoding = 4; lastKnownFileType = sourcecode.c.h; name = GraphicTask.h; path = ../../../../Source/FelixEngine/GraphicTask.h; sourceTree = "<group>"; };
		C197CD991BED298D007F68E0 /* Image.h */ = {isa = PBXFileReference; fileEncoding = 4; lastKnownFileType = sourcecode.c.h; name = Image.h; path = ../../../../Source/FelixEngine/Image.h; sourceTree = "<group>"; };
		C197CD9C1BED298D007F68E0 /* IndexedMap.h */ = {isa = PBXFileReference; fileEncoding = 4; lastKnownFileType = sourcecode.c.h; name = IndexedMap.h; path = ../../../../Source/FelixEngine/IndexedMap.h; sourceTree = "<group>"; };
		C197CD9D1BED298D007F68E0 /* List.h */ = {isa = PBXFileReference; fileEncoding = 4; lastKnownFileType = sourcecode.c.h; name = List.h; path = ../../../../Source/FelixEngine/List.h; sourceTree = "<group>"; };
		C197CD9E1BED298D007F68E0 /* Material.h */ = {isa = PBXFileReference; fileEncoding = 4; lastKnownFileType = sourcecode.c.h; name = Material.h; path = ../../../../Source/FelixEngine/Material.h; sourceTree = "<group>"; };
		C197CD9F1BED298D007F68E0 /* Matrix.h */ = {isa = PBXFileReference; fileEncoding = 4; lastKnownFileType = sourcecode.c.h; name = Matrix.h; path = ../../../../Source/FelixEngine/Matrix.h; sourceTree = "<group>"; };
		C197CDA01BED298D007F68E0 /* MeshLoader.cpp */ = {isa = PBXFileReference; fileEncoding = 4; lastKnownFileType = sourcecode.cpp.cpp; name = MeshLoader.cpp; path = ../../../../Source/FelixEngine/MeshLoader.cpp; sourceTree = "<group>"; };
		C197CDA11BED298D007F68E0 /* MeshLoader.h */ = {isa = PBXFileReference; fileEncoding = 4; lastKnownFileType = sourcecode.c.h; name = MeshLoader.h; path = ../../../../Source/FelixEngine/MeshLoader.h; sourceTree = "<group>"; };
		C197CDA21BED298D007F68E0 /* MTLDescriptorKey.mm */ = {isa = PBXFileReference; fileEncoding = 4; lastKnownFileType = sourcecode.cpp.objcpp; name = MTLDescriptorKey.mm; path = ../../../../Source/FelixEngine/MTLDescriptorKey.mm; sourceTree = "<group>"; };
		C197CDA31BED298D007F68E0 /* MTLFrame.mm */ = {isa = PBXFileReference; fileEncoding = 4; lastKnownFileType = sourcecode.cpp.objcpp; name = MTLFrame.mm; path = ../../../../Source/FelixEngine/MTLFrame.mm; sourceTree = "<group>"; };
		C197CDA41BED298D007F68E0 /* MTLGraphicResources.h */ = {isa = PBXFileReference; fileEncoding = 4; lastKnownFileType = sourcecode.c.h; name = MTLGraphicResources.h; path = ../../../../Source/FelixEngine/MTLGraphicResources.h; sourceTree = "<group>"; };
		C197CDA51BED298D007F68E0 /* MTLGraphicSystem.h */ = {isa = PBXFileReference; fileEncoding = 4; lastKnownFileType = sourcecode.c.h; name = MTLGraphicSystem.h; path = ../../../../Source/FelixEngine/MTLGraphicSystem.h; sourceTree = "<group>"; };
		C197CDA61BED298D007F68E0 /* MTLGraphicSystem.mm */ = {isa = PBXFileReference; fileEncoding = 4; lastKnownFileType = sourcecode.cpp.objcpp; name = MTLGraphicSystem.mm; path = ../../../../Source/FelixEngine/MTLGraphicSystem.mm; sourceTree = "<group>"; };
		C197CDA71BED298D007F68E0 /* MTLMesh.mm */ = {isa = PBXFileReference; fileEncoding = 4; lastKnownFileType = sourcecode.cpp.objcpp; name = MTLMesh.mm; path = ../../../../Source/FelixEngine/MTLMesh.mm; sourceTree = "<group>"; };
		C197CDA81BED298D007F68E0 /* MTLPipelineKey.mm */ = {isa = PBXFileReference; fileEncoding = 4; lastKnownFileType = sourcecode.cpp.objcpp; name = MTLPipelineKey.mm; path = ../../../../Source/FelixEngine/MTLPipelineKey.mm; sourceTree = "<group>"; };
		C197CDA91BED298D007F68E0 /* MTLShader.mm */ = {isa = PBXFileReference; fileEncoding = 4; lastKnownFileType = sourcecode.cpp.objcpp; name = MTLShader.mm; path = ../../../../Source/FelixEngine/MTLShader.mm; sourceTree = "<group>"; };
		C197CDAA1BED298D007F68E0 /* MTLTexture.mm */ = {isa = PBXFileReference; fileEncoding = 4; lastKnownFileType = sourcecode.cpp.objcpp; name = MTLTexture.mm; path = ../../../../Source/FelixEngine/MTLTexture.mm; sourceTree = "<group>"; };
		C197CDAB1BED298D007F68E0 /* MTLUniformMap.m */ = {isa = PBXFileReference; fileEncoding = 4; lastKnownFileType = sourcecode.c.objc; name = MTLUniformMap.m; path = ../../../../Source/FelixEngine/MTLUniformMap.m; sourceTree = "<group>"; };
		C197CDAC1BED298D007F68E0 /* MTLWindow.mm */ = {isa = PBXFileReference; fileEncoding = 4; lastKnownFileType = sourcecode.cpp.objcpp; name = MTLWindow.mm; path = ../../../../Source/FelixEngine/MTLWindow.mm; sourceTree = "<group>"; };
		C197CDAD1BED298D007F68E0 /* MultiVector.h */ = {isa = PBXFileReference; fileEncoding = 4; lastKnownFileType = sourcecode.c.h; name = MultiVector.h; path = ../../../../Source/FelixEngine/MultiVector.h; sourceTree = "<group>"; };
		C197CDAE1BED298D007F68E0 /* Mutex.h */ = {isa = PBXFileReference; fileEncoding = 4; lastKnownFileType = sourcecode.c.h; name = Mutex.h; path = ../../../../Source/FelixEngine/Mutex.h; sourceTree = "<group>"; };
		C197CDB31BED298D007F68E0 /* Pool.h */ = {isa = PBXFileReference; fileEncoding = 4; lastKnownFileType = sourcecode.c.h; name = Pool.h; path = ../../../../Source/FelixEngine/Pool.h; sourceTree = "<group>"; };
		C197CDB51BED298D007F68E0 /* Projection.h */ = {isa = PBXFileReference; fileEncoding = 4; lastKnownFileType = sourcecode.c.h; name = Projection.h; path = ../../../../Source/FelixEngine/Projection.h; sourceTree = "<group>"; };
		C197CDB61BED298D007F68E0 /* Quaternion.h */ = {isa = PBXFileReference; fileEncoding = 4; lastKnownFileType = sourcecode.c.h; name = Quaternion.h; path = ../../../../Source/FelixEngine/Quaternion.h; sourceTree = "<group>"; };
		C197CDB81BED298D007F68E0 /* RenderSlots.h */ = {isa = PBXFileReference; fileEncoding = 4; lastKnownFileType = sourcecode.c.h; name = RenderSlots.h; path = ../../../../Source/FelixEngine/RenderSlots.h; sourceTree = "<group>"; };
		C197CDB91BED298D007F68E0 /* Resource.h */ = {isa = PBXFileReference; fileEncoding = 4; lastKnownFileType = sourcecode.c.h; name = Resource.h; path = ../../../../Source/FelixEngine/Resource.h; sourceTree = "<group>"; };
		C197CDBA1BED298D007F68E0 /* Sampler.h */ = {isa = PBXFileReference; fileEncoding = 4; lastKnownFileType = sourcecode.c.h; name = Sampler.h; path = ../../../../Source/FelixEngine/Sampler.h; sourceTree = "<group>"; };
		C197CDBB1BED298D007F68E0 /* Scene.h */ = {isa = PBXFileReference; fileEncoding = 4; lastKnownFileType = sourcecode.c.h; name = Scene.h; path = ../../../../Source/FelixEngine/Scene.h; sourceTree = "<group>"; };
		C197CDBC1BED298D007F68E0 /* SDLEventSystem.cpp */ = {isa = PBXFileReference; fileEncoding = 4; lastKnownFileType = sourcecode.cpp.cpp; name = SDLEventSystem.cpp; path = ../../../../Source/FelixEngine/SDLEventSystem.cpp; sourceTree = "<group>"; };
		C197CDBD1BED298D007F68E0 /* SDLEventSystem.h */ = {isa = PBXFileReference; fileEncoding = 4; lastKnownFileType = sourcecode.c.h; name = SDLEventSystem.h; path = ../../../../Source/FelixEngine/SDLEventSystem.h; sourceTree = "<group>"; };
		C197CDBE1BED298D007F68E0 /* Semaphore.h */ = {isa = PBXFileReference; fileEncoding = 4; lastKnownFileType = sourcecode.c.h; name = Semaphore.h; path = ../../../../Source/FelixEngine/Semaphore.h; sourceTree = "<group>"; };
		C197CDBF1BED298D007F68E0 /* StringUtils.h */ = {isa = PBXFileReference; fileEncoding = 4; lastKnownFileType = sourcecode.c.h; name = StringUtils.h; path = ../../../../Source/FelixEngine/StringUtils.h; sourceTree = "<group>"; };
		C197CDC01BED298D007F68E0 /* System.cpp */ = {isa = PBXFileReference; fileEncoding = 4; lastKnownFileType = sourcecode.cpp.cpp; name = System.cpp; path = ../../../../Source/FelixEngine/System.cpp; sourceTree = "<group>"; };
		C197CDC11BED298D007F68E0 /* System.h */ = {isa = PBXFileReference; fileEncoding = 4; lastKnownFileType = sourcecode.c.h; name = System.h; path = ../../../../Source/FelixEngine/System.h; sourceTree = "<group>"; };
		C197CDC21BED298D007F68E0 /* Task.h */ = {isa = PBXFileReference; fileEncoding = 4; lastKnownFileType = sourcecode.c.h; name = Task.h; path = ../../../../Source/FelixEngine/Task.h; sourceTree = "<group>"; };
		C197CDC31BED298D007F68E0 /* TaskGroup.h */ = {isa = PBXFileReference; fileEncoding = 4; lastKnownFileType = sourcecode.c.h; name = TaskGroup.h; path = ../../../../Source/FelixEngine/TaskGroup.h; sourceTree = "<group>"; };
		C197CDC41BED298D007F68E0 /* TaskingSystem.h */ = {isa = PBXFileReference; fileEncoding = 4; lastKnownFileType = sourcecode.c.h; name = TaskingSystem.h; path = ../../../../Source/FelixEngine/TaskingSystem.h; sourceTree = "<group>"; };
		C197CDC71BED298D007F68E0 /* Transform.h */ = {isa = PBXFileReference; fileEncoding = 4; lastKnownFileType = sourcecode.c.h; name = Transform.h; path = ../../../../Source/FelixEngine/Transform.h; sourceTree = "<group>"; };
		C197CDC91BED298D007F68E0 /* Variant.h */ = {isa = PBXFileReference; fileEncoding = 4; lastKnownFileType = sourcecode.c.h; name = Variant.h; path = ../../../../Source/FelixEngine/Variant.h; sourceTree = "<group>"; };
		C197CDCA1BED298D007F68E0 /* Vector.h */ = {isa = PBXFileReference; fileEncoding = 4; lastKnownFileType = sourcecode.c.h; name = Vector.h; path = ../../../../Source/FelixEngine/Vector.h; sourceTree = "<group>"; };
		C197CDCD1BED298D007F68E0 /* XMLTree.h */ = {isa = PBXFileReference; fileEncoding = 4; lastKnownFileType = sourcecode.c.h; name = XMLTree.h; path = ../../../../Source/FelixEngine/XMLTree.h; sourceTree = "<group>"; };
		C197CDF31BED2F2B007F68E0 /* SDL2.framework */ = {isa = PBXFileReference; lastKnownFileType = wrapper.framework; name = SDL2.framework; path = ../../../ThirdParty/SDL2/IOS/SDL2.framework; sourceTree = "<group>"; };
		C197CDF51BED2F42007F68E0 /* freeimage.a */ = {isa = PBXFileReference; lastKnownFileType = archive.ar; name = freeimage.a; path = ../../../ThirdParty/Freeimage/IOS/freeimage.a; sourceTree = "<group>"; };
		C197CDF91BED301D007F68E0 /* FreeImage.h */ = {isa = PBXFileReference; fileEncoding = 4; lastKnownFileType = sourcecode.c.h; name = FreeImage.h; path = ../../../ThirdParty/Freeimage/IOS/FreeImage.h; sourceTree = "<group>"; };
		C197CDFA1BED342D007F68E0 /* QuartzCore.framework */ = {isa = PBXFileReference; lastKnownFileType = wrapper.framework; name = QuartzCore.framework; path = System/Library/Frameworks/QuartzCore.framework; sourceTree = SDKROOT; };
		C197CDFC1BED343D007F68E0 /* UIKit.framework */ = {isa = PBXFileReference; lastKnownFileType = wrapper.framework; name = UIKit.framework; path = System/Library/Frameworks/UIKit.framework; sourceTree = SDKROOT; };
		C197CDFE1BED3472007F68E0 /* OpenGLES.framework */ = {isa = PBXFileReference; lastKnownFileType = wrapper.framework; name = OpenGLES.framework; path = System/Library/Frameworks/OpenGLES.framework; sourceTree = SDKROOT; };
		C197CE001BED3489007F68E0 /* Metal.framework */ = {isa = PBXFileReference; lastKnownFileType = wrapper.framework; name = Metal.framework; path = System/Library/Frameworks/Metal.framework; sourceTree = SDKROOT; };
		C197CE021BED3511007F68E0 /* CoreGraphics.framework */ = {isa = PBXFileReference; lastKnownFileType = wrapper.framework; name = CoreGraphics.framework; path = System/Library/Frameworks/CoreGraphics.framework; sourceTree = SDKROOT; };
		C197CE041BED3562007F68E0 /* Foundation.framework */ = {isa = PBXFileReference; lastKnownFileType = wrapper.framework; name = Foundation.framework; path = System/Library/Frameworks/Foundation.framework; sourceTree = SDKROOT; };
		C197CE0A1BED57B3007F68E0 /* HelloFelix.app */ = {isa = PBXFileReference; explicitFileType = wrapper.application; includeInIndex = 0; path = HelloFelix.app; sourceTree = BUILT_PRODUCTS_DIR; };
		C197CE181BED57B3007F68E0 /* Assets.xcassets */ = {isa = PBXFileReference; lastKnownFileType = folder.assetcatalog; path = Assets.xcassets; sourceTree = "<group>"; };
		C197CE1D1BED57B3007F68E0 /* Info.plist */ = {isa = PBXFileReference; lastKnownFileType = text.plist.xml; path = Info.plist; sourceTree = "<group>"; };
		C197CE211BED580F007F68E0 /* main.cpp */ = {isa = PBXFileReference; fileEncoding = 4; lastKnownFileType = sourcecode.cpp.cpp; name = main.cpp; path = ../../../../Source/HelloFelix/main.cpp; sourceTree = "<group>"; };
		C197CE591BED6C8C007F68E0 /* FelixEngine.framework */ = {isa = PBXFileReference; lastKnownFileType = wrapper.framework; name = FelixEngine.framework; path = "../Debug-universal/FelixEngine.framework"; sourceTree = BUILT_PRODUCTS_DIR; };
		C197CE651BED7FD1007F68E0 /* CoreAudio.framework */ = {isa = PBXFileReference; lastKnownFileType = wrapper.framework; name = CoreAudio.framework; path = System/Library/Frameworks/CoreAudio.framework; sourceTree = SDKROOT; };
		C197CE671BED7FF1007F68E0 /* AudioToolbox.framework */ = {isa = PBXFileReference; lastKnownFileType = wrapper.framework; name = AudioToolbox.framework; path = System/Library/Frameworks/AudioToolbox.framework; sourceTree = SDKROOT; };
		C19892511BFD36A3007DF57A /* TrackingView.h */ = {isa = PBXFileReference; fileEncoding = 4; lastKnownFileType = sourcecode.c.h; name = TrackingView.h; path = ../../../../Source/FelixEngine/TrackingView.h; sourceTree = "<group>"; };
		C19892591BFD3D5A007DF57A /* OrbitView.h */ = {isa = PBXFileReference; fileEncoding = 4; lastKnownFileType = sourcecode.c.h; name = OrbitView.h; path = ../../../../Source/FelixEngine/OrbitView.h; sourceTree = "<group>"; };
		C198925B1BFFE171007DF57A /* GyroView.h */ = {isa = PBXFileReference; fileEncoding = 4; lastKnownFileType = sourcecode.c.h; name = GyroView.h; path = ../../../../Source/FelixEngine/GyroView.h; sourceTree = "<group>"; };
		C19EDC641C0E514A00F997AB /* FileSystem.mm */ = {isa = PBXFileReference; fileEncoding = 4; lastKnownFileType = sourcecode.cpp.objcpp; name = FileSystem.mm; path = ../../../../Source/FelixEngine/FileSystem.mm; sourceTree = "<group>"; };
		C19EDC651C0E514A00F997AB /* FileSystem.h */ = {isa = PBXFileReference; fileEncoding = 4; lastKnownFileType = sourcecode.c.h; name = FileSystem.h; path = ../../../../Source/FelixEngine/FileSystem.h; sourceTree = "<group>"; };
		C1AC38051C8CB34C00DCC638 /* Scene.cpp */ = {isa = PBXFileReference; fileEncoding = 4; lastKnownFileType = sourcecode.cpp.cpp; name = Scene.cpp; path = ../../../../Source/FelixEngine/Scene.cpp; sourceTree = "<group>"; };
		C1B00E721BF68FDF0060BE21 /* ModelViewer.app */ = {isa = PBXFileReference; explicitFileType = wrapper.application; includeInIndex = 0; path = ModelViewer.app; sourceTree = BUILT_PRODUCTS_DIR; };
		C1B00E801BF68FDF0060BE21 /* Assets.xcassets */ = {isa = PBXFileReference; lastKnownFileType = folder.assetcatalog; path = Assets.xcassets; sourceTree = "<group>"; };
		C1B00E851BF68FDF0060BE21 /* Info.plist */ = {isa = PBXFileReference; lastKnownFileType = text.plist.xml; path = Info.plist; sourceTree = "<group>"; };
		C1B00E891BF690890060BE21 /* main.cpp */ = {isa = PBXFileReference; fileEncoding = 4; lastKnownFileType = sourcecode.cpp.cpp; name = main.cpp; path = ../../../../Source/ModelViewer/main.cpp; sourceTree = "<group>"; };
		C1B00E971BF691E30060BE21 /* DefaultLibrary.metal */ = {isa = PBXFileReference; fileEncoding = 4; lastKnownFileType = sourcecode.metal; name = DefaultLibrary.metal; path = ../../../../Source/ModelViewer/Resources/DefaultLibrary.metal; sourceTree = "<group>"; };
		C1B00E991BF691E30060BE21 /* SettingsGLES2.xml */ = {isa = PBXFileReference; fileEncoding = 4; lastKnownFileType = text.xml; name = SettingsGLES2.xml; path = ../../../../Source/ModelViewer/Resources/SettingsGLES2.xml; sourceTree = "<group>"; };
		C1B00E9A1BF691E30060BE21 /* SettingsGLES3.xml */ = {isa = PBXFileReference; fileEncoding = 4; lastKnownFileType = text.xml; name = SettingsGLES3.xml; path = ../../../../Source/ModelViewer/Resources/SettingsGLES3.xml; sourceTree = "<group>"; };
		C1B00E9B1BF691E30060BE21 /* SettingsMetal_IOS.xml */ = {isa = PBXFileReference; fileEncoding = 4; lastKnownFileType = text.xml; name = SettingsMetal_IOS.xml; path = ../../../../Source/ModelViewer/Resources/SettingsMetal_IOS.xml; sourceTree = "<group>"; };
		C1B00ECE1BF7E1F00060BE21 /* Meshes */ = {isa = PBXFileReference; lastKnownFileType = folder; name = Meshes; path = ../../../../Source/ModelViewer/Resources/Meshes; sourceTree = "<group>"; };
		C1B00ECF1BF7E1F00060BE21 /* Scenes */ = {isa = PBXFileReference; lastKnownFileType = folder; name = Scenes; path = ../../../../Source/ModelViewer/Resources/Scenes; sourceTree = "<group>"; };
		C1B00EE31BFBAB9C0060BE21 /* View.h */ = {isa = PBXFileReference; fileEncoding = 4; lastKnownFileType = sourcecode.c.h; name = View.h; path = ../../../../Source/FelixEngine/View.h; sourceTree = "<group>"; };
		C1D308631C322E0B003286CF /* Images */ = {isa = PBXFileReference; lastKnownFileType = folder; name = Images; path = ../../../../Source/ModelViewer/Resources/Images; sourceTree = "<group>"; };
		C1D308691C34507F003286CF /* UIText.h */ = {isa = PBXFileReference; fileEncoding = 4; lastKnownFileType = sourcecode.c.h; name = UIText.h; path = ../../../../Source/FelixEngine/UIText.h; sourceTree = "<group>"; };
		C1D3086B1C348098003286CF /* Fonts */ = {isa = PBXFileReference; lastKnownFileType = folder; name = Fonts; path = ../../../../Source/ModelViewer/Resources/Fonts; sourceTree = "<group>"; };
		C1D905201C179C540099974C /* Condition.h */ = {isa = PBXFileReference; fileEncoding = 4; lastKnownFileType = sourcecode.c.h; name = Condition.h; path = ../../../../Source/FelixEngine/Condition.h; sourceTree = "<group>"; };
		C1E6834B1C49B4FC00E1705D /* OwnPtr.h */ = {isa = PBXFileReference; fileEncoding = 4; lastKnownFileType = sourcecode.c.h; name = OwnPtr.h; path = ../../../../Source/FelixEngine/OwnPtr.h; sourceTree = "<group>"; };
		C1E6834F1C4ED40A00E1705D /* GLUniforms.h */ = {isa = PBXFileReference; fileEncoding = 4; lastKnownFileType = sourcecode.c.h; name = GLUniforms.h; path = ../../../../Source/FelixEngine/GLUniforms.h; sourceTree = "<group>"; };
		C1E683551C4EFB5000E1705D /* TextureLoader.cpp */ = {isa = PBXFileReference; fileEncoding = 4; lastKnownFileType = sourcecode.cpp.cpp; name = TextureLoader.cpp; path = ../../../../Source/FelixEngine/TextureLoader.cpp; sourceTree = "<group>"; };
		C1E683561C4EFB5000E1705D /* TextureLoader.h */ = {isa = PBXFileReference; fileEncoding = 4; lastKnownFileType = sourcecode.c.h; name = TextureLoader.h; path = ../../../../Source/FelixEngine/TextureLoader.h; sourceTree = "<group>"; };
/* End PBXFileReference section */

/* Begin PBXFrameworksBuildPhase section */
		C197CD731BED291A007F68E0 /* Frameworks */ = {
			isa = PBXFrameworksBuildPhase;
			buildActionMask = 2147483647;
			files = (
				C15D73991BF3BB1D002FEEE3 /* CoreMotion.framework in Frameworks */,
				C197CE681BED7FF1007F68E0 /* AudioToolbox.framework in Frameworks */,
				C197CE661BED7FD1007F68E0 /* CoreAudio.framework in Frameworks */,
				C197CDFB1BED342D007F68E0 /* QuartzCore.framework in Frameworks */,
				C197CE051BED3562007F68E0 /* Foundation.framework in Frameworks */,
				C197CE031BED3511007F68E0 /* CoreGraphics.framework in Frameworks */,
				C197CE011BED3489007F68E0 /* Metal.framework in Frameworks */,
				C197CDFF1BED3472007F68E0 /* OpenGLES.framework in Frameworks */,
				C197CDF61BED2F42007F68E0 /* freeimage.a in Frameworks */,
				C197CDF41BED2F2C007F68E0 /* SDL2.framework in Frameworks */,
				C197CDFD1BED343D007F68E0 /* UIKit.framework in Frameworks */,
			);
			runOnlyForDeploymentPostprocessing = 0;
		};
		C197CE071BED57B3007F68E0 /* Frameworks */ = {
			isa = PBXFrameworksBuildPhase;
			buildActionMask = 2147483647;
			files = (
				C15D739A1BF3BB30002FEEE3 /* CoreMotion.framework in Frameworks */,
				C197CE691BED8002007F68E0 /* AudioToolbox.framework in Frameworks */,
				C197CE6A1BED8002007F68E0 /* CoreAudio.framework in Frameworks */,
				C197CE5A1BED6CCE007F68E0 /* FelixEngine.framework in Frameworks */,
				C197CE5B1BED6D03007F68E0 /* SDL2.framework in Frameworks */,
				C197CE5C1BED6D03007F68E0 /* Foundation.framework in Frameworks */,
				C197CE5D1BED6D03007F68E0 /* CoreGraphics.framework in Frameworks */,
				C197CE5E1BED6D03007F68E0 /* Metal.framework in Frameworks */,
				C197CE5F1BED6D03007F68E0 /* OpenGLES.framework in Frameworks */,
				C197CE601BED6D03007F68E0 /* UIKit.framework in Frameworks */,
				C197CE611BED6D03007F68E0 /* QuartzCore.framework in Frameworks */,
				C197CE621BED6D11007F68E0 /* freeimage.a in Frameworks */,
			);
			runOnlyForDeploymentPostprocessing = 0;
		};
		C1B00E6F1BF68FDF0060BE21 /* Frameworks */ = {
			isa = PBXFrameworksBuildPhase;
			buildActionMask = 2147483647;
			files = (
				C1B00E961BF690C40060BE21 /* freeimage.a in Frameworks */,
				C1B00E921BF690B70060BE21 /* CoreMotion.framework in Frameworks */,
				C1B00E931BF690B70060BE21 /* AudioToolbox.framework in Frameworks */,
				C1B00E941BF690B70060BE21 /* CoreAudio.framework in Frameworks */,
				C1B00E951BF690B70060BE21 /* FelixEngine.framework in Frameworks */,
				C1B00E8B1BF690B00060BE21 /* SDL2.framework in Frameworks */,
				C1B00E8C1BF690B00060BE21 /* Foundation.framework in Frameworks */,
				C1B00E8D1BF690B00060BE21 /* CoreGraphics.framework in Frameworks */,
				C1B00E8E1BF690B00060BE21 /* Metal.framework in Frameworks */,
				C1B00E8F1BF690B00060BE21 /* OpenGLES.framework in Frameworks */,
				C1B00E901BF690B00060BE21 /* UIKit.framework in Frameworks */,
				C1B00E911BF690B00060BE21 /* QuartzCore.framework in Frameworks */,
			);
			runOnlyForDeploymentPostprocessing = 0;
		};
/* End PBXFrameworksBuildPhase section */

/* Begin PBXGroup section */
		C10B5D331BEDD24500583B8F /* Resources */ = {
			isa = PBXGroup;
			children = (
				C1124BF11BF1865C00CFADD7 /* DefaultLibrary.metal */,
				C10B5D3E1BF11BED00583B8F /* DepthScene.xml */,
				C10B5D3F1BF11BED00583B8F /* FrameScene.xml */,
				C10B5D361BEDD2A200583B8F /* TextureScene.xml */,
				C10B5D371BEDD2A200583B8F /* TriangleScene.xml */,
				C13CF5211CA1FD2D00781A3A /* TextScene.xml */,
				C10B5D341BEDD28C00583B8F /* SettingsGLES3.xml */,
				C1124BE41BF16F4B00CFADD7 /* SettingsGLES2.xml */,
				C1124BE61BF179BB00CFADD7 /* SettingsMetal.xml */,
				C12713D71CAC8706002C8EFA /* Fonts */,
				C10B5D311BEDD24000583B8F /* Images */,
				C197CE181BED57B3007F68E0 /* Assets.xcassets */,
			);
			name = Resources;
			sourceTree = "<group>";
		};
		C1250DFE1C23C04B00C6F7C8 /* User Interface */ = {
			isa = PBXGroup;
			children = (
				C1250DF41C20F4E000C6F7C8 /* UIWidget.h */,
				C1250DF71C21434300C6F7C8 /* UIScreen.h */,
				C1D308691C34507F003286CF /* UIText.h */,
			);
			name = "User Interface";
			sourceTree = "<group>";
		};
		C1250DFF1C23C05400C6F7C8 /* Camera */ = {
			isa = PBXGroup;
			children = (
				C106DB781BFD0294000065D4 /* Camera.h */,
				C197CDB51BED298D007F68E0 /* Projection.h */,
				C19892531BFD36AA007DF57A /* Views */,
			);
			name = Camera;
			sourceTree = "<group>";
		};
		C1250E001C23C05B00C6F7C8 /* Model */ = {
			isa = PBXGroup;
			children = (
				C106DB791BFD0294000065D4 /* Model.h */,
				C197CDC71BED298D007F68E0 /* Transform.h */,
			);
			name = Model;
			sourceTree = "<group>";
		};
		C1250E011C23C0A300C6F7C8 /* RenderSlots */ = {
			isa = PBXGroup;
			children = (
				C13CF5191CA1F4F200781A3A /* Resources.h */,
				C197CDB81BED298D007F68E0 /* RenderSlots.h */,
				C13CF51B1CA1F50A00781A3A /* Buffer.h */,
				C197CD9E1BED298D007F68E0 /* Material.h */,
			);
			name = RenderSlots;
			sourceTree = "<group>";
		};
		C15D73901BF3B428002FEEE3 /* MotionSystem */ = {
			isa = PBXGroup;
			children = (
				C15D73911BF3B457002FEEE3 /* MotionSystem.h */,
				C15D73931BF3B468002FEEE3 /* IOSMotionSystem */,
			);
			name = MotionSystem;
			sourceTree = "<group>";
		};
		C15D73931BF3B468002FEEE3 /* IOSMotionSystem */ = {
			isa = PBXGroup;
			children = (
				C15D73951BF3B86E002FEEE3 /* IOSMotionSystem.h */,
				C15D73941BF3B86E002FEEE3 /* IOSMotionSystem.mm */,
			);
			name = IOSMotionSystem;
			sourceTree = "<group>";
		};
		C17195421C14B964001DBDC6 /* UbiquityFilesystem */ = {
			isa = PBXGroup;
			children = (
				C17195441C14B9AC001DBDC6 /* UbiquityFileSystem.h */,
				C17195431C14B9AC001DBDC6 /* UbiquityFileSystem.mm */,
			);
			name = UbiquityFilesystem;
			sourceTree = "<group>";
		};
		C17195521C15379C001DBDC6 /* IOS */ = {
			isa = PBXGroup;
			children = (
				C1B00E801BF68FDF0060BE21 /* Assets.xcassets */,
				C1B00E851BF68FDF0060BE21 /* Info.plist */,
				C171954D1C150482001DBDC6 /* ModelViewer.entitlements */,
			);
			name = IOS;
			sourceTree = "<group>";
		};
		C197CD6D1BED291A007F68E0 = {
			isa = PBXGroup;
			children = (
				C197CDF71BED2F5A007F68E0 /* FrameWorks */,
				C197CD781BED291A007F68E0 /* FelixEngine */,
				C197CE0B1BED57B3007F68E0 /* HelloFelix */,
				C1B00E731BF68FDF0060BE21 /* ModelViewer */,
				C197CD771BED291A007F68E0 /* Products */,
			);
			sourceTree = "<group>";
		};
		C197CD771BED291A007F68E0 /* Products */ = {
			isa = PBXGroup;
			children = (
				C197CD761BED291A007F68E0 /* libFelixEngine.a */,
				C197CE0A1BED57B3007F68E0 /* HelloFelix.app */,
				C1B00E721BF68FDF0060BE21 /* ModelViewer.app */,
			);
			name = Products;
			sourceTree = "<group>";
		};
		C197CD781BED291A007F68E0 /* FelixEngine */ = {
			isa = PBXGroup;
			children = (
				C197CD8A1BED298D007F68E0 /* FelixEngine.h */,
				C197CD891BED298D007F68E0 /* FelixEngine.cpp */,
				C197CDE91BED29FB007F68E0 /* Components */,
				C197CDE61BED29B3007F68E0 /* Systems */,
				C197CDE81BED29C9007F68E0 /* Utilities */,
			);
			path = FelixEngine;
			sourceTree = "<group>";
		};
		C197CDE51BED29AD007F68E0 /* Loaders */ = {
			isa = PBXGroup;
			children = (
				C197CDA11BED298D007F68E0 /* MeshLoader.h */,
				C197CDA01BED298D007F68E0 /* MeshLoader.cpp */,
				C1E683561C4EFB5000E1705D /* TextureLoader.h */,
				C1E683551C4EFB5000E1705D /* TextureLoader.cpp */,
			);
			name = Loaders;
			sourceTree = "<group>";
		};
		C197CDE61BED29B3007F68E0 /* Systems */ = {
			isa = PBXGroup;
			children = (
				C197CDC11BED298D007F68E0 /* System.h */,
				C197CDC01BED298D007F68E0 /* System.cpp */,
				C197CDB91BED298D007F68E0 /* Resource.h */,
				C19EDC631C0E511000F997AB /* FileSystem */,
				C197CDED1BED2BE5007F68E0 /* GraphicsSystem */,
				C197CDEC1BED2BDE007F68E0 /* TaskingSystem */,
				C197CDEB1BED2BD5007F68E0 /* EventSystem */,
				C15D73901BF3B428002FEEE3 /* MotionSystem */,
			);
			name = Systems;
			sourceTree = "<group>";
		};
		C197CDE81BED29C9007F68E0 /* Utilities */ = {
			isa = PBXGroup;
			children = (
				C1E6834B1C49B4FC00E1705D /* OwnPtr.h */,
				C197CDCA1BED298D007F68E0 /* Vector.h */,
				C197CD9F1BED298D007F68E0 /* Matrix.h */,
				C197CDB61BED298D007F68E0 /* Quaternion.h */,
				C197CD821BED298D007F68E0 /* Color.h */,
				C197CDBF1BED298D007F68E0 /* StringUtils.h */,
				C197CDCD1BED298D007F68E0 /* XMLTree.h */,
				C197CDBE1BED298D007F68E0 /* Semaphore.h */,
				C197CDAE1BED298D007F68E0 /* Mutex.h */,
				C197CD991BED298D007F68E0 /* Image.h */,
				C197CD9C1BED298D007F68E0 /* IndexedMap.h */,
				C197CDC91BED298D007F68E0 /* Variant.h */,
				C197CDAD1BED298D007F68E0 /* MultiVector.h */,
				C197CD9D1BED298D007F68E0 /* List.h */,
				C197CD841BED298D007F68E0 /* Delegate.h */,
				C197CDB31BED298D007F68E0 /* Pool.h */,
				C1D905201C179C540099974C /* Condition.h */,
			);
			name = Utilities;
			sourceTree = "<group>";
		};
		C197CDE91BED29FB007F68E0 /* Components */ = {
			isa = PBXGroup;
			children = (
				C197CD831BED298D007F68E0 /* Component.h */,
				C10B5D3A1BEDD65000583B8F /* Component.cpp */,
				C197CDBB1BED298D007F68E0 /* Scene.h */,
				C1250E011C23C0A300C6F7C8 /* RenderSlots */,
				C1250E001C23C05B00C6F7C8 /* Model */,
				C1250DFF1C23C05400C6F7C8 /* Camera */,
				C1250DFE1C23C04B00C6F7C8 /* User Interface */,
				C1AC38051C8CB34C00DCC638 /* Scene.cpp */,
			);
			name = Components;
			sourceTree = "<group>";
		};
		C197CDEB1BED2BD5007F68E0 /* EventSystem */ = {
			isa = PBXGroup;
			children = (
				C197CD881BED298D007F68E0 /* EventSystem.h */,
				C197CD851BED298D007F68E0 /* Event.h */,
				C197CD871BED298D007F68E0 /* EventHandler.h */,
				C197CD861BED298D007F68E0 /* EventHandler.cpp */,
				C197CDEE1BED2BF6007F68E0 /* SDLEventSystem */,
			);
			name = EventSystem;
			sourceTree = "<group>";
		};
		C197CDEC1BED2BDE007F68E0 /* TaskingSystem */ = {
			isa = PBXGroup;
			children = (
				C197CDC41BED298D007F68E0 /* TaskingSystem.h */,
				C197CDC21BED298D007F68E0 /* Task.h */,
				C197CDC31BED298D007F68E0 /* TaskGroup.h */,
				C197CD8B1BED298D007F68E0 /* GCDTaskingSystem.h */,
			);
			name = TaskingSystem;
			sourceTree = "<group>";
		};
		C197CDED1BED2BE5007F68E0 /* GraphicsSystem */ = {
			isa = PBXGroup;
			children = (
				C197CD971BED298D007F68E0 /* GraphicSystem.h */,
				C197CD961BED298D007F68E0 /* GraphicSystem.cpp */,
				C197CD951BED298D007F68E0 /* GraphicResources.h */,
				C197CD981BED298D007F68E0 /* GraphicTask.h */,
				C197CDBA1BED298D007F68E0 /* Sampler.h */,
				C197CDF01BED2CAD007F68E0 /* OpenGL */,
				C197CDEF1BED2CA8007F68E0 /* Metal */,
			);
			name = GraphicsSystem;
			sourceTree = "<group>";
		};
		C197CDEE1BED2BF6007F68E0 /* SDLEventSystem */ = {
			isa = PBXGroup;
			children = (
				C197CDBD1BED298D007F68E0 /* SDLEventSystem.h */,
				C197CDBC1BED298D007F68E0 /* SDLEventSystem.cpp */,
			);
			name = SDLEventSystem;
			sourceTree = "<group>";
		};
		C197CDEF1BED2CA8007F68E0 /* Metal */ = {
			isa = PBXGroup;
			children = (
				C197CDA51BED298D007F68E0 /* MTLGraphicSystem.h */,
				C197CDA61BED298D007F68E0 /* MTLGraphicSystem.mm */,
				C197CDF11BED2CBF007F68E0 /* Resources */,
			);
			name = Metal;
			sourceTree = "<group>";
		};
		C197CDF01BED2CAD007F68E0 /* OpenGL */ = {
			isa = PBXGroup;
			children = (
				C197CD8E1BED298D007F68E0 /* GLGraphicSystem.h */,
				C197CD8D1BED298D007F68E0 /* GLGraphicSystem.cpp */,
				C197CD921BED298D007F68E0 /* GLUniformMap.h */,
				C197CDF21BED2D87007F68E0 /* Resources */,
			);
			name = OpenGL;
			sourceTree = "<group>";
		};
		C197CDF11BED2CBF007F68E0 /* Resources */ = {
			isa = PBXGroup;
			children = (
				C197CDA41BED298D007F68E0 /* MTLGraphicResources.h */,
				C197CDA21BED298D007F68E0 /* MTLDescriptorKey.mm */,
				C197CDA31BED298D007F68E0 /* MTLFrame.mm */,
				C197CDA71BED298D007F68E0 /* MTLMesh.mm */,
				C197CDA81BED298D007F68E0 /* MTLPipelineKey.mm */,
				C197CDA91BED298D007F68E0 /* MTLShader.mm */,
				C197CDAA1BED298D007F68E0 /* MTLTexture.mm */,
				C197CDAC1BED298D007F68E0 /* MTLWindow.mm */,
				C197CDAB1BED298D007F68E0 /* MTLUniformMap.m */,
			);
			name = Resources;
			sourceTree = "<group>";
		};
		C197CDF21BED2D87007F68E0 /* Resources */ = {
			isa = PBXGroup;
			children = (
				C1E6834F1C4ED40A00E1705D /* GLUniforms.h */,
				C197CD931BED298D007F68E0 /* GLWindow.h */,
				C197CD8C1BED298D007F68E0 /* GLFrame.h */,
				C197CD901BED298D007F68E0 /* GLShader.h */,
				C197CD8F1BED298D007F68E0 /* GLMesh.h */,
				C197CD911BED298D007F68E0 /* GLTexture.h */,
			);
			name = Resources;
			sourceTree = "<group>";
		};
		C197CDF71BED2F5A007F68E0 /* FrameWorks */ = {
			isa = PBXGroup;
			children = (
				C15D73981BF3BB1D002FEEE3 /* CoreMotion.framework */,
				C197CE671BED7FF1007F68E0 /* AudioToolbox.framework */,
				C197CE651BED7FD1007F68E0 /* CoreAudio.framework */,
				C197CE591BED6C8C007F68E0 /* FelixEngine.framework */,
				C197CDF81BED2F76007F68E0 /* Freeimage */,
				C197CDF31BED2F2B007F68E0 /* SDL2.framework */,
				C197CE041BED3562007F68E0 /* Foundation.framework */,
				C197CE021BED3511007F68E0 /* CoreGraphics.framework */,
				C197CE001BED3489007F68E0 /* Metal.framework */,
				C197CDFE1BED3472007F68E0 /* OpenGLES.framework */,
				C197CDFC1BED343D007F68E0 /* UIKit.framework */,
				C197CDFA1BED342D007F68E0 /* QuartzCore.framework */,
			);
			name = FrameWorks;
			sourceTree = "<group>";
		};
		C197CDF81BED2F76007F68E0 /* Freeimage */ = {
			isa = PBXGroup;
			children = (
				C197CDF91BED301D007F68E0 /* FreeImage.h */,
				C197CDF51BED2F42007F68E0 /* freeimage.a */,
			);
			name = Freeimage;
			sourceTree = "<group>";
		};
		C197CE0B1BED57B3007F68E0 /* HelloFelix */ = {
			isa = PBXGroup;
			children = (
				C197CE211BED580F007F68E0 /* main.cpp */,
				C197CE1D1BED57B3007F68E0 /* Info.plist */,
				C10B5D331BEDD24500583B8F /* Resources */,
			);
			path = HelloFelix;
			sourceTree = "<group>";
		};
		C19892531BFD36AA007DF57A /* Views */ = {
			isa = PBXGroup;
			children = (
				C1B00EE31BFBAB9C0060BE21 /* View.h */,
				C19892511BFD36A3007DF57A /* TrackingView.h */,
				C19892591BFD3D5A007DF57A /* OrbitView.h */,
				C198925B1BFFE171007DF57A /* GyroView.h */,
			);
			name = Views;
			sourceTree = "<group>";
		};
		C19EDC631C0E511000F997AB /* FileSystem */ = {
			isa = PBXGroup;
			children = (
				C19EDC651C0E514A00F997AB /* FileSystem.h */,
				C19EDC641C0E514A00F997AB /* FileSystem.mm */,
				C17195421C14B964001DBDC6 /* UbiquityFilesystem */,
				C197CDE51BED29AD007F68E0 /* Loaders */,
			);
			name = FileSystem;
			sourceTree = "<group>";
		};
		C1B00E731BF68FDF0060BE21 /* ModelViewer */ = {
			isa = PBXGroup;
			children = (
				C1B00E891BF690890060BE21 /* main.cpp */,
				C106DB821BFD0F0A000065D4 /* ViewerCamera.h */,
				C106DB811BFD0F0A000065D4 /* ViewerCamera.cpp */,
				C1B00E741BF68FDF0060BE21 /* Resources */,
			);
			path = ModelViewer;
			sourceTree = "<group>";
		};
		C1B00E741BF68FDF0060BE21 /* Resources */ = {
			isa = PBXGroup;
			children = (
				C181A52E1C1D0A3D00A228AE /* MainScene.xml */,
				C181A5321C1DF79100A228AE /* TestUI.xml */,
				C1B00E971BF691E30060BE21 /* DefaultLibrary.metal */,
				C1B00E991BF691E30060BE21 /* SettingsGLES2.xml */,
				C1B00E9A1BF691E30060BE21 /* SettingsGLES3.xml */,
				C1B00E9B1BF691E30060BE21 /* SettingsMetal_IOS.xml */,
				C1D3086B1C348098003286CF /* Fonts */,
				C1D308631C322E0B003286CF /* Images */,
				C1B00ECE1BF7E1F00060BE21 /* Meshes */,
				C1B00ECF1BF7E1F00060BE21 /* Scenes */,
				C17195521C15379C001DBDC6 /* IOS */,
			);
			name = Resources;
			sourceTree = "<group>";
		};
/* End PBXGroup section */

/* Begin PBXHeadersBuildPhase section */
		C197CE281BED5DED007F68E0 /* Headers */ = {
			isa = PBXHeadersBuildPhase;
			buildActionMask = 2147483647;
			files = (
				C197CE2A1BED5E27007F68E0 /* FelixEngine.h in Headers */,
				C1E683581C4EFB5000E1705D /* TextureLoader.h in Headers */,
				C197CE531BED5FC9007F68E0 /* IndexedMap.h in Headers */,
				C15D73971BF3B86E002FEEE3 /* IOSMotionSystem.h in Headers */,
				C197CE371BED5EA3007F68E0 /* Projection.h in Headers */,
				C198925C1BFFE171007DF57A /* GyroView.h in Headers */,
				C197CE3D1BED5F06007F68E0 /* GraphicTask.h in Headers */,
				C197CE551BED5FD2007F68E0 /* MultiVector.h in Headers */,
				C197CE4D1BED5FAE007F68E0 /* Color.h in Headers */,
				C197CE461BED5F2D007F68E0 /* MTLGraphicSystem.h in Headers */,
				C197CE4E1BED5FB3007F68E0 /* StringUtils.h in Headers */,
				C198925A1BFD3D5A007DF57A /* OrbitView.h in Headers */,
				C197CE2C1BED5E48007F68E0 /* MeshLoader.h in Headers */,
				C197CE441BED5F20007F68E0 /* GLMesh.h in Headers */,
				C197CE3F1BED5F13007F68E0 /* GLGraphicSystem.h in Headers */,
				C19EDC671C0E514A00F997AB /* FileSystem.h in Headers */,
				C17195461C14B9AC001DBDC6 /* UbiquityFileSystem.h in Headers */,
				C197CE2F1BED5E70007F68E0 /* Scene.h in Headers */,
				C197CE4A1BED5FA1007F68E0 /* Vector.h in Headers */,
				C197CE4F1BED5FB7007F68E0 /* XMLTree.h in Headers */,
				C197CE4C1BED5FAA007F68E0 /* Quaternion.h in Headers */,
				C197CE3A1BED5EBF007F68E0 /* Resource.h in Headers */,
				C197CE431BED5F1E007F68E0 /* GLShader.h in Headers */,
				C197CE511BED5FC1007F68E0 /* Mutex.h in Headers */,
				C197CE501BED5FBB007F68E0 /* Semaphore.h in Headers */,
				C197CE381BED5EA8007F68E0 /* RenderSlots.h in Headers */,
				C197CE581BED5FDF007F68E0 /* Pool.h in Headers */,
				C197CE351BED5E98007F68E0 /* Component.h in Headers */,
				C1250DF81C21434300C6F7C8 /* UIScreen.h in Headers */,
				C197CE521BED5FC5007F68E0 /* Image.h in Headers */,
				C197CE541BED5FCD007F68E0 /* Variant.h in Headers */,
				C1250DF61C20F4E000C6F7C8 /* UIWidget.h in Headers */,
				C197CE4B1BED5FA6007F68E0 /* Matrix.h in Headers */,
				C197CE361BED5E9D007F68E0 /* Transform.h in Headers */,
				C197CE471BED5F31007F68E0 /* MTLGraphicResources.h in Headers */,
				C1E6834C1C49B4FC00E1705D /* OwnPtr.h in Headers */,
				C197CE321BED5E7C007F68E0 /* Material.h in Headers */,
				C197CE401BED5F15007F68E0 /* GLUniformMap.h in Headers */,
				C197CE571BED5FDB007F68E0 /* Delegate.h in Headers */,
				C1D3086A1C34507F003286CF /* UIText.h in Headers */,
				C15D73921BF3B457002FEEE3 /* MotionSystem.h in Headers */,
				C197CE411BED5F19007F68E0 /* GLWindow.h in Headers */,
				C106DB7B1BFD0294000065D4 /* Camera.h in Headers */,
				C19892521BFD36A3007DF57A /* TrackingView.h in Headers */,
				C1B00EE51BFBAB9C0060BE21 /* View.h in Headers */,
				C197CE3B1BED5EFB007F68E0 /* GraphicSystem.h in Headers */,
				C197CE391BED5EBA007F68E0 /* System.h in Headers */,
				C197CE451BED5F23007F68E0 /* GLTexture.h in Headers */,
				C197CE421BED5F1B007F68E0 /* GLFrame.h in Headers */,
				C106DB7C1BFD0294000065D4 /* Model.h in Headers */,
				C1D905211C179C540099974C /* Condition.h in Headers */,
				C197CE3C1BED5F01007F68E0 /* GraphicResources.h in Headers */,
				C13CF51A1CA1F4F200781A3A /* Resources.h in Headers */,
				C197CE3E1BED5F0B007F68E0 /* Sampler.h in Headers */,
				C13CF51C1CA1F50A00781A3A /* Buffer.h in Headers */,
				C197CE561BED5FD6007F68E0 /* List.h in Headers */,
				C1E683501C4ED40A00E1705D /* GLUniforms.h in Headers */,
			);
			runOnlyForDeploymentPostprocessing = 0;
		};
/* End PBXHeadersBuildPhase section */

/* Begin PBXNativeTarget section */
		C197CD751BED291A007F68E0 /* FelixEngine */ = {
			isa = PBXNativeTarget;
			buildConfigurationList = C197CD7F1BED291A007F68E0 /* Build configuration list for PBXNativeTarget "FelixEngine" */;
			buildPhases = (
				C197CD721BED291A007F68E0 /* Sources */,
				C197CD731BED291A007F68E0 /* Frameworks */,
				C197CD741BED291A007F68E0 /* CopyFiles */,
				C197CE281BED5DED007F68E0 /* Headers */,
			);
			buildRules = (
			);
			dependencies = (
			);
			name = FelixEngine;
			productName = FelixEngine;
			productReference = C197CD761BED291A007F68E0 /* libFelixEngine.a */;
			productType = "com.apple.product-type.library.static";
		};
		C197CE091BED57B3007F68E0 /* HelloFelix */ = {
			isa = PBXNativeTarget;
			buildConfigurationList = C197CE1E1BED57B3007F68E0 /* Build configuration list for PBXNativeTarget "HelloFelix" */;
			buildPhases = (
				C197CE061BED57B3007F68E0 /* Sources */,
				C197CE071BED57B3007F68E0 /* Frameworks */,
				C197CE081BED57B3007F68E0 /* Resources */,
			);
			buildRules = (
			);
			dependencies = (
				C197CE641BED7045007F68E0 /* PBXTargetDependency */,
			);
			name = HelloFelix;
			productName = HelloFelix;
			productReference = C197CE0A1BED57B3007F68E0 /* HelloFelix.app */;
			productType = "com.apple.product-type.application";
		};
		C1B00E711BF68FDF0060BE21 /* ModelViewer */ = {
			isa = PBXNativeTarget;
			buildConfigurationList = C1B00E881BF68FDF0060BE21 /* Build configuration list for PBXNativeTarget "ModelViewer" */;
			buildPhases = (
				C1B00E6E1BF68FDF0060BE21 /* Sources */,
				C1B00E6F1BF68FDF0060BE21 /* Frameworks */,
				C1B00E701BF68FDF0060BE21 /* Resources */,
			);
			buildRules = (
			);
			dependencies = (
				C1B00EA41BF692C30060BE21 /* PBXTargetDependency */,
			);
			name = ModelViewer;
			productName = ModelViewer;
			productReference = C1B00E721BF68FDF0060BE21 /* ModelViewer.app */;
			productType = "com.apple.product-type.application";
		};
/* End PBXNativeTarget section */

/* Begin PBXProject section */
		C197CD6E1BED291A007F68E0 /* Project object */ = {
			isa = PBXProject;
			attributes = {
				LastUpgradeCheck = 0710;
				ORGANIZATIONNAME = "Robert Crosby";
				TargetAttributes = {
					C197CD751BED291A007F68E0 = {
						CreatedOnToolsVersion = 7.1;
					};
					C197CE091BED57B3007F68E0 = {
						CreatedOnToolsVersion = 7.1;
						DevelopmentTeam = K62X7R9XCJ;
						SystemCapabilities = {
							com.apple.iCloud = {
								enabled = 0;
							};
						};
					};
					C197CE231BED585C007F68E0 = {
						CreatedOnToolsVersion = 7.1;
					};
					C1B00E711BF68FDF0060BE21 = {
						CreatedOnToolsVersion = 7.1.1;
						DevelopmentTeam = K62X7R9XCJ;
						SystemCapabilities = {
							com.apple.iCloud = {
								enabled = 1;
							};
						};
					};
				};
			};
			buildConfigurationList = C197CD711BED291A007F68E0 /* Build configuration list for PBXProject "FelixEngine" */;
			compatibilityVersion = "Xcode 3.2";
			developmentRegion = English;
			hasScannedForEncodings = 0;
			knownRegions = (
				en,
				Base,
			);
			mainGroup = C197CD6D1BED291A007F68E0;
			productRefGroup = C197CD771BED291A007F68E0 /* Products */;
			projectDirPath = "";
			projectRoot = "";
			targets = (
				C197CD751BED291A007F68E0 /* FelixEngine */,
				C197CE231BED585C007F68E0 /* FelixEngineAg */,
				C197CE091BED57B3007F68E0 /* HelloFelix */,
				C1B00E711BF68FDF0060BE21 /* ModelViewer */,
			);
		};
/* End PBXProject section */

/* Begin PBXResourcesBuildPhase section */
		C197CE081BED57B3007F68E0 /* Resources */ = {
			isa = PBXResourcesBuildPhase;
			buildActionMask = 2147483647;
			files = (
				C12713D81CAC8706002C8EFA /* Fonts in Resources */,
				C10B5D391BEDD2A200583B8F /* TriangleScene.xml in Resources */,
				C10B5D321BEDD24000583B8F /* Images in Resources */,
				C10B5D411BF11BED00583B8F /* FrameScene.xml in Resources */,
				C197CE191BED57B3007F68E0 /* Assets.xcassets in Resources */,
				C10B5D381BEDD2A200583B8F /* TextureScene.xml in Resources */,
				C13CF5221CA1FD2D00781A3A /* TextScene.xml in Resources */,
				C10B5D401BF11BED00583B8F /* DepthScene.xml in Resources */,
				C1124BE51BF16F4B00CFADD7 /* SettingsGLES2.xml in Resources */,
				C1124BE71BF179BB00CFADD7 /* SettingsMetal.xml in Resources */,
				C10B5D351BEDD28C00583B8F /* SettingsGLES3.xml in Resources */,
			);
			runOnlyForDeploymentPostprocessing = 0;
		};
		C1B00E701BF68FDF0060BE21 /* Resources */ = {
			isa = PBXResourcesBuildPhase;
			buildActionMask = 2147483647;
			files = (
				C1B00ED01BF7E1F00060BE21 /* Meshes in Resources */,
				C1B00EA11BF691E30060BE21 /* SettingsMetal_IOS.xml in Resources */,
				C1B00E811BF68FDF0060BE21 /* Assets.xcassets in Resources */,
				C181A52F1C1D0A3D00A228AE /* MainScene.xml in Resources */,
				C1B00ED11BF7E1F00060BE21 /* Scenes in Resources */,
				C1D3086C1C348098003286CF /* Fonts in Resources */,
				C1B00E9F1BF691E30060BE21 /* SettingsGLES2.xml in Resources */,
				C1B00EA01BF691E30060BE21 /* SettingsGLES3.xml in Resources */,
				C1D308641C322E0B003286CF /* Images in Resources */,
				C181A5331C1DF79100A228AE /* TestUI.xml in Resources */,
			);
			runOnlyForDeploymentPostprocessing = 0;
		};
/* End PBXResourcesBuildPhase section */

/* Begin PBXShellScriptBuildPhase section */
		C197CE271BED5865007F68E0 /* ShellScript */ = {
			isa = PBXShellScriptBuildPhase;
			buildActionMask = 2147483647;
			files = (
			);
			inputPaths = (
			);
			outputPaths = (
			);
			runOnlyForDeploymentPostprocessing = 0;
			shellPath = /bin/sh;
			shellScript = "# define output folder environment variable\nUNIVERSAL_OUTPUTFOLDER=${BUILD_DIR}/${CONFIGURATION}-universal\nFRAMEWORK_DIR=${UNIVERSAL_OUTPUTFOLDER}/FelixEngine.framework\n\n\n# Step 1. Build Device and Simulator versions\nxcodebuild -target ${PROJECT_NAME} ONLY_ACTIVE_ARCH=NO -configuration ${CONFIGURATION} -sdk iphoneos  BUILD_DIR=\"${BUILD_DIR}\" BUILD_ROOT=\"${BUILD_ROOT}\"\nxcodebuild -target ${PROJECT_NAME} -configuration ${CONFIGURATION} -sdk iphonesimulator BUILD_DIR=\"${BUILD_DIR}\" BUILD_ROOT=\"${BUILD_ROOT}\"\n\n# Delete and recreate the framework directories\nrm -r \"${FRAMEWORK_DIR}\"\nmkdir -p \"${FRAMEWORK_DIR}/Versions/A/Headers\"\n\n# Create the framework directory links\n/bin/ln -sfh A \"${FRAMEWORK_DIR}/Versions/Current\"\n/bin/ln -sfh Versions/Current/Headers \"${FRAMEWORK_DIR}/Headers\"\n\n# Copy the headers to the framework\n/bin/cp -a \"${BUILD_DIR}/${CONFIGURATION}-iphoneos/usr/local/include/\" \"${FRAMEWORK_DIR}/Versions/A/Headers\"\n\n# Create universal binary file using lipo\nlipo -create -output \"${FRAMEWORK_DIR}/Versions/A/${PROJECT_NAME}\" \"${BUILD_DIR}/${CONFIGURATION}-iphoneos/lib${PROJECT_NAME}.a\" \"${BUILD_DIR}/${CONFIGURATION}-iphonesimulator/lib${PROJECT_NAME}.a\"\n/bin/ln -sfh \"Versions/Current/${PROJECT_NAME}\" \"${FRAMEWORK_DIR}/${PROJECT_NAME}\"\n";
		};
/* End PBXShellScriptBuildPhase section */

/* Begin PBXSourcesBuildPhase section */
		C197CD721BED291A007F68E0 /* Sources */ = {
			isa = PBXSourcesBuildPhase;
			buildActionMask = 2147483647;
			files = (
				C1E683571C4EFB5000E1705D /* TextureLoader.cpp in Sources */,
				C1AC38061C8CB34C00DCC638 /* Scene.cpp in Sources */,
				C19EDC661C0E514A00F997AB /* FileSystem.mm in Sources */,
				C15D73961BF3B86E002FEEE3 /* IOSMotionSystem.mm in Sources */,
				C197CDCF1BED298D007F68E0 /* FelixEngine.cpp in Sources */,
				C197CDE21BED298D007F68E0 /* SDLEventSystem.cpp in Sources */,
				C197CDD01BED298D007F68E0 /* GLGraphicSystem.cpp in Sources */,
				C10B5D3B1BEDD65000583B8F /* Component.cpp in Sources */,
				C17195451C14B9AC001DBDC6 /* UbiquityFileSystem.mm in Sources */,
				C197CDCE1BED298D007F68E0 /* EventHandler.cpp in Sources */,
				C197CDD21BED298D007F68E0 /* GraphicSystem.cpp in Sources */,
				C197CDD41BED298D007F68E0 /* MeshLoader.cpp in Sources */,
				C197CDE31BED298D007F68E0 /* System.cpp in Sources */,
			);
			runOnlyForDeploymentPostprocessing = 0;
		};
		C197CE061BED57B3007F68E0 /* Sources */ = {
			isa = PBXSourcesBuildPhase;
			buildActionMask = 2147483647;
			files = (
				C197CE221BED580F007F68E0 /* main.cpp in Sources */,
				C1124BF21BF1865C00CFADD7 /* DefaultLibrary.metal in Sources */,
			);
			runOnlyForDeploymentPostprocessing = 0;
		};
		C1B00E6E1BF68FDF0060BE21 /* Sources */ = {
			isa = PBXSourcesBuildPhase;
			buildActionMask = 2147483647;
			files = (
				C106DB831BFD0F0A000065D4 /* ViewerCamera.cpp in Sources */,
				C1B00E8A1BF690890060BE21 /* main.cpp in Sources */,
				C1B00E9D1BF691E30060BE21 /* DefaultLibrary.metal in Sources */,
			);
			runOnlyForDeploymentPostprocessing = 0;
		};
/* End PBXSourcesBuildPhase section */

/* Begin PBXTargetDependency section */
		C197CE641BED7045007F68E0 /* PBXTargetDependency */ = {
			isa = PBXTargetDependency;
			target = C197CE231BED585C007F68E0 /* FelixEngineAg */;
			targetProxy = C197CE631BED7045007F68E0 /* PBXContainerItemProxy */;
		};
		C1B00EA41BF692C30060BE21 /* PBXTargetDependency */ = {
			isa = PBXTargetDependency;
			target = C197CE231BED585C007F68E0 /* FelixEngineAg */;
			targetProxy = C1B00EA31BF692C30060BE21 /* PBXContainerItemProxy */;
		};
/* End PBXTargetDependency section */

/* Begin XCBuildConfiguration section */
		C197CD7D1BED291A007F68E0 /* Debug */ = {
			isa = XCBuildConfiguration;
			buildSettings = {
				ALWAYS_SEARCH_USER_PATHS = NO;
				CLANG_CXX_LANGUAGE_STANDARD = "gnu++0x";
				CLANG_CXX_LIBRARY = "libc++";
				CLANG_ENABLE_MODULES = YES;
				CLANG_ENABLE_OBJC_ARC = YES;
				CLANG_WARN_BOOL_CONVERSION = YES;
				CLANG_WARN_CONSTANT_CONVERSION = YES;
				CLANG_WARN_DIRECT_OBJC_ISA_USAGE = YES_ERROR;
				CLANG_WARN_EMPTY_BODY = YES;
				CLANG_WARN_ENUM_CONVERSION = YES;
				CLANG_WARN_INT_CONVERSION = YES;
				CLANG_WARN_OBJC_ROOT_CLASS = YES_ERROR;
				CLANG_WARN_UNREACHABLE_CODE = YES;
				CLANG_WARN__DUPLICATE_METHOD_MATCH = YES;
				"CODE_SIGN_IDENTITY[sdk=iphoneos*]" = "iPhone Developer";
				COPY_PHASE_STRIP = NO;
				DEBUG_INFORMATION_FORMAT = dwarf;
				ENABLE_STRICT_OBJC_MSGSEND = YES;
				ENABLE_TESTABILITY = YES;
				GCC_C_LANGUAGE_STANDARD = gnu99;
				GCC_DYNAMIC_NO_PIC = NO;
				GCC_NO_COMMON_BLOCKS = YES;
				GCC_OPTIMIZATION_LEVEL = 0;
				GCC_PREPROCESSOR_DEFINITIONS = (
					"DEBUG=1",
					"$(inherited)",
				);
				GCC_WARN_64_TO_32_BIT_CONVERSION = YES;
				GCC_WARN_ABOUT_RETURN_TYPE = YES_ERROR;
				GCC_WARN_UNDECLARED_SELECTOR = YES;
				GCC_WARN_UNINITIALIZED_AUTOS = YES_AGGRESSIVE;
				GCC_WARN_UNUSED_FUNCTION = YES;
				GCC_WARN_UNUSED_VARIABLE = YES;
				IPHONEOS_DEPLOYMENT_TARGET = 9.1;
				MTL_ENABLE_DEBUG_INFO = YES;
				ONLY_ACTIVE_ARCH = YES;
				SDKROOT = iphoneos;
			};
			name = Debug;
		};
		C197CD7E1BED291A007F68E0 /* Release */ = {
			isa = XCBuildConfiguration;
			buildSettings = {
				ALWAYS_SEARCH_USER_PATHS = NO;
				CLANG_CXX_LANGUAGE_STANDARD = "gnu++0x";
				CLANG_CXX_LIBRARY = "libc++";
				CLANG_ENABLE_MODULES = YES;
				CLANG_ENABLE_OBJC_ARC = YES;
				CLANG_WARN_BOOL_CONVERSION = YES;
				CLANG_WARN_CONSTANT_CONVERSION = YES;
				CLANG_WARN_DIRECT_OBJC_ISA_USAGE = YES_ERROR;
				CLANG_WARN_EMPTY_BODY = YES;
				CLANG_WARN_ENUM_CONVERSION = YES;
				CLANG_WARN_INT_CONVERSION = YES;
				CLANG_WARN_OBJC_ROOT_CLASS = YES_ERROR;
				CLANG_WARN_UNREACHABLE_CODE = YES;
				CLANG_WARN__DUPLICATE_METHOD_MATCH = YES;
				"CODE_SIGN_IDENTITY[sdk=iphoneos*]" = "iPhone Developer";
				COPY_PHASE_STRIP = NO;
				DEBUG_INFORMATION_FORMAT = "dwarf-with-dsym";
				ENABLE_NS_ASSERTIONS = NO;
				ENABLE_STRICT_OBJC_MSGSEND = YES;
				GCC_C_LANGUAGE_STANDARD = gnu99;
				GCC_NO_COMMON_BLOCKS = YES;
				GCC_WARN_64_TO_32_BIT_CONVERSION = YES;
				GCC_WARN_ABOUT_RETURN_TYPE = YES_ERROR;
				GCC_WARN_UNDECLARED_SELECTOR = YES;
				GCC_WARN_UNINITIALIZED_AUTOS = YES_AGGRESSIVE;
				GCC_WARN_UNUSED_FUNCTION = YES;
				GCC_WARN_UNUSED_VARIABLE = YES;
				IPHONEOS_DEPLOYMENT_TARGET = 9.1;
				MTL_ENABLE_DEBUG_INFO = NO;
				SDKROOT = iphoneos;
				VALIDATE_PRODUCT = YES;
			};
			name = Release;
		};
		C197CD801BED291A007F68E0 /* Debug */ = {
			isa = XCBuildConfiguration;
			buildSettings = {
				ENABLE_BITCODE = NO;
				FRAMEWORK_SEARCH_PATHS = ../../../ThirdParty/SDL2/IOS/;
				ONLY_ACTIVE_ARCH = NO;
				OTHER_LDFLAGS = "-ObjC";
				PRODUCT_NAME = "$(TARGET_NAME)";
				SKIP_INSTALL = YES;
			};
			name = Debug;
		};
		C197CD811BED291A007F68E0 /* Release */ = {
			isa = XCBuildConfiguration;
			buildSettings = {
				ENABLE_BITCODE = NO;
				FRAMEWORK_SEARCH_PATHS = ../../../ThirdParty/SDL2/IOS/;
				OTHER_LDFLAGS = "-ObjC";
				PRODUCT_NAME = "$(TARGET_NAME)";
				SKIP_INSTALL = YES;
			};
			name = Release;
		};
		C197CE1F1BED57B3007F68E0 /* Debug */ = {
			isa = XCBuildConfiguration;
			buildSettings = {
				ASSETCATALOG_COMPILER_APPICON_NAME = AppIcon;
				CODE_SIGN_IDENTITY = "iPhone Developer";
				"CODE_SIGN_IDENTITY[sdk=iphoneos*]" = "iPhone Developer";
				ENABLE_BITCODE = NO;
				FRAMEWORK_SEARCH_PATHS = (
					../../../ThirdParty/SDL2/IOS/,
					"${BUILD_DIR}/${CONFIGURATION}-universal",
				);
				INFOPLIST_FILE = HelloFelix/Info.plist;
				LD_RUNPATH_SEARCH_PATHS = "$(inherited) @executable_path/Frameworks";
				PRODUCT_BUNDLE_IDENTIFIER = com.robmcrosby.HelloFelix;
				PRODUCT_NAME = "$(TARGET_NAME)";
				PROVISIONING_PROFILE = "";
				TARGETED_DEVICE_FAMILY = "1,2";
			};
			name = Debug;
		};
		C197CE201BED57B3007F68E0 /* Release */ = {
			isa = XCBuildConfiguration;
			buildSettings = {
				ASSETCATALOG_COMPILER_APPICON_NAME = AppIcon;
				CODE_SIGN_IDENTITY = "iPhone Developer";
				"CODE_SIGN_IDENTITY[sdk=iphoneos*]" = "iPhone Developer";
				ENABLE_BITCODE = NO;
				FRAMEWORK_SEARCH_PATHS = (
					../../../ThirdParty/SDL2/IOS/,
					"${BUILD_DIR}/${CONFIGURATION}-universal",
				);
				INFOPLIST_FILE = HelloFelix/Info.plist;
				LD_RUNPATH_SEARCH_PATHS = "$(inherited) @executable_path/Frameworks";
				PRODUCT_BUNDLE_IDENTIFIER = com.robmcrosby.HelloFelix;
				PRODUCT_NAME = "$(TARGET_NAME)";
				PROVISIONING_PROFILE = "";
				TARGETED_DEVICE_FAMILY = "1,2";
			};
			name = Release;
		};
		C197CE251BED585C007F68E0 /* Debug */ = {
			isa = XCBuildConfiguration;
			buildSettings = {
				ENABLE_BITCODE = NO;
				PRODUCT_NAME = "$(TARGET_NAME)";
			};
			name = Debug;
		};
		C197CE261BED585C007F68E0 /* Release */ = {
			isa = XCBuildConfiguration;
			buildSettings = {
				ENABLE_BITCODE = NO;
				PRODUCT_NAME = "$(TARGET_NAME)";
			};
			name = Release;
		};
		C1B00E861BF68FDF0060BE21 /* Debug */ = {
			isa = XCBuildConfiguration;
			buildSettings = {
				ASSETCATALOG_COMPILER_APPICON_NAME = AppIcon;
				CODE_SIGN_ENTITLEMENTS = ModelViewer/ModelViewer.entitlements;
				CODE_SIGN_IDENTITY = "iPhone Developer";
				"CODE_SIGN_IDENTITY[sdk=iphoneos*]" = "iPhone Developer";
				ENABLE_BITCODE = NO;
				FRAMEWORK_SEARCH_PATHS = (
					../../../ThirdParty/SDL2/IOS/,
					"${BUILD_DIR}/${CONFIGURATION}-universal",
				);
				INFOPLIST_FILE = ModelViewer/Info.plist;
				LD_RUNPATH_SEARCH_PATHS = "$(inherited) @executable_path/Frameworks";
				PRODUCT_BUNDLE_IDENTIFIER = com.robmcrosby.ModelViewer;
				PRODUCT_NAME = "$(TARGET_NAME)";
				PROVISIONING_PROFILE = "";
				TARGETED_DEVICE_FAMILY = "1,2";
			};
			name = Debug;
		};
		C1B00E871BF68FDF0060BE21 /* Release */ = {
			isa = XCBuildConfiguration;
			buildSettings = {
				ASSETCATALOG_COMPILER_APPICON_NAME = AppIcon;
				CODE_SIGN_ENTITLEMENTS = ModelViewer/ModelViewer.entitlements;
				CODE_SIGN_IDENTITY = "iPhone Developer";
				"CODE_SIGN_IDENTITY[sdk=iphoneos*]" = "iPhone Developer";
				ENABLE_BITCODE = NO;
				FRAMEWORK_SEARCH_PATHS = (
					../../../ThirdParty/SDL2/IOS/,
					"${BUILD_DIR}/${CONFIGURATION}-universal",
				);
				INFOPLIST_FILE = ModelViewer/Info.plist;
				LD_RUNPATH_SEARCH_PATHS = "$(inherited) @executable_path/Frameworks";
				PRODUCT_BUNDLE_IDENTIFIER = com.robmcrosby.ModelViewer;
				PRODUCT_NAME = "$(TARGET_NAME)";
				PROVISIONING_PROFILE = "";
				TARGETED_DEVICE_FAMILY = "1,2";
			};
			name = Release;
		};
/* End XCBuildConfiguration section */

/* Begin XCConfigurationList section */
		C197CD711BED291A007F68E0 /* Build configuration list for PBXProject "FelixEngine" */ = {
			isa = XCConfigurationList;
			buildConfigurations = (
				C197CD7D1BED291A007F68E0 /* Debug */,
				C197CD7E1BED291A007F68E0 /* Release */,
			);
			defaultConfigurationIsVisible = 0;
			defaultConfigurationName = Release;
		};
		C197CD7F1BED291A007F68E0 /* Build configuration list for PBXNativeTarget "FelixEngine" */ = {
			isa = XCConfigurationList;
			buildConfigurations = (
				C197CD801BED291A007F68E0 /* Debug */,
				C197CD811BED291A007F68E0 /* Release */,
			);
			defaultConfigurationIsVisible = 0;
			defaultConfigurationName = Release;
		};
		C197CE1E1BED57B3007F68E0 /* Build configuration list for PBXNativeTarget "HelloFelix" */ = {
			isa = XCConfigurationList;
			buildConfigurations = (
				C197CE1F1BED57B3007F68E0 /* Debug */,
				C197CE201BED57B3007F68E0 /* Release */,
			);
			defaultConfigurationIsVisible = 0;
			defaultConfigurationName = Release;
		};
		C197CE241BED585C007F68E0 /* Build configuration list for PBXAggregateTarget "FelixEngineAg" */ = {
			isa = XCConfigurationList;
			buildConfigurations = (
				C197CE251BED585C007F68E0 /* Debug */,
				C197CE261BED585C007F68E0 /* Release */,
			);
			defaultConfigurationIsVisible = 0;
			defaultConfigurationName = Release;
		};
		C1B00E881BF68FDF0060BE21 /* Build configuration list for PBXNativeTarget "ModelViewer" */ = {
			isa = XCConfigurationList;
			buildConfigurations = (
				C1B00E861BF68FDF0060BE21 /* Debug */,
				C1B00E871BF68FDF0060BE21 /* Release */,
			);
			defaultConfigurationIsVisible = 0;
			defaultConfigurationName = Release;
		};
/* End XCConfigurationList section */
	};
	rootObject = C197CD6E1BED291A007F68E0 /* Project object */;
}
